// !$*UTF8*$!
{
	archiveVersion = 1;
	classes = {
	};
	objectVersion = 56;
	objects = {

/* Begin PBXAggregateTarget section */
		5AD983D022EFAE79000FCD2F /* ValidateSourceCode */ = {
			isa = PBXAggregateTarget;
			buildConfigurationList = 5AD983D322EFAE79000FCD2F /* Build configuration list for PBXAggregateTarget "ValidateSourceCode" */;
			buildPhases = (
				5AD983D622EFAE90000FCD2F /* Validate Source Code */,
			);
			dependencies = (
			);
			name = ValidateSourceCode;
			productName = Validate;
		};
		7D1B6CA21DC2ACF900D8CABF /* Framework */ = {
			isa = PBXAggregateTarget;
			buildConfigurationList = 7D1B6CA31DC2ACF900D8CABF /* Build configuration list for PBXAggregateTarget "Framework" */;
			buildPhases = (
				7D1B6CA61DC2AD7700D8CABF /* Framework Script */,
			);
			dependencies = (
			);
			name = Framework;
			productName = Framework;
		};
/* End PBXAggregateTarget section */

/* Begin PBXBuildFile section */
		AD98A64B2A216B1200017B8D /* GADMediationAdapterLine.h in Headers */ = {isa = PBXBuildFile; fileRef = AD98A64A2A216B1200017B8D /* GADMediationAdapterLine.h */; };
		AD98A64D2A216BC500017B8D /* GADMediationAdapterLine.m in Sources */ = {isa = PBXBuildFile; fileRef = AD98A64C2A216BC500017B8D /* GADMediationAdapterLine.m */; };
		AD98A6502A2171DD00017B8D /* LineAdapter.h in Headers */ = {isa = PBXBuildFile; fileRef = AD98A6422A2164BD00017B8D /* LineAdapter.h */; settings = {ATTRIBUTES = (Public, ); }; };
		ADA4F5AB2A43C3B200B2236A /* GADMediationAdapterLineExtras.h in Headers */ = {isa = PBXBuildFile; fileRef = ADA4F5AA2A43C3B200B2236A /* GADMediationAdapterLineExtras.h */; };
		ADA4F5AD2A43C3F100B2236A /* GADMediationAdapterLineNativeAdLoader.h in Headers */ = {isa = PBXBuildFile; fileRef = ADA4F5AC2A43C3F100B2236A /* GADMediationAdapterLineNativeAdLoader.h */; };
		ADA4F5AF2A43C40C00B2236A /* GADMediationAdapterLineNativeAdLoader.m in Sources */ = {isa = PBXBuildFile; fileRef = ADA4F5AE2A43C40C00B2236A /* GADMediationAdapterLineNativeAdLoader.m */; };
		ADA4F5B12A43C43A00B2236A /* GADMediationAdapterLineExtras.m in Sources */ = {isa = PBXBuildFile; fileRef = ADA4F5B02A43C43A00B2236A /* GADMediationAdapterLineExtras.m */; };
		ADEAFA472A36A2890036464A /* GADMediationAdapterLineBannerAdLoader.h in Headers */ = {isa = PBXBuildFile; fileRef = ADEAFA462A36A2890036464A /* GADMediationAdapterLineBannerAdLoader.h */; };
		ADEAFA492A36A3420036464A /* GADMediationAdapterLineBannerAdLoader.m in Sources */ = {isa = PBXBuildFile; fileRef = ADEAFA482A36A3420036464A /* GADMediationAdapterLineBannerAdLoader.m */; };
		ADEAFA5B2A37B5F80036464A /* GADMediationAdapterLineRewardedAdLoader.m in Sources */ = {isa = PBXBuildFile; fileRef = ADEAFA5A2A37B5F80036464A /* GADMediationAdapterLineRewardedAdLoader.m */; };
		ADEAFA5D2A37B6260036464A /* GADMediationAdapterLineRewardedAdLoader.h in Headers */ = {isa = PBXBuildFile; fileRef = ADEAFA5C2A37B6260036464A /* GADMediationAdapterLineRewardedAdLoader.h */; };
		ADFAAF002A33C0ED00D92129 /* GADMediationAdapterLineConstants.h in Headers */ = {isa = PBXBuildFile; fileRef = ADFAAEFF2A33C0ED00D92129 /* GADMediationAdapterLineConstants.h */; };
		ADFAAF022A33C14300D92129 /* GADMediationAdapterLineConstants.m in Sources */ = {isa = PBXBuildFile; fileRef = ADFAAF012A33C14300D92129 /* GADMediationAdapterLineConstants.m */; };
		ADFAAF0B2A33E64500D92129 /* GADMediationAdapterLineUtils.m in Sources */ = {isa = PBXBuildFile; fileRef = ADFAAF0A2A33E64500D92129 /* GADMediationAdapterLineUtils.m */; };
		ADFAAF252A3509C400D92129 /* GADMediationAdapterLineUtils.h in Headers */ = {isa = PBXBuildFile; fileRef = ADFAAF092A33E51200D92129 /* GADMediationAdapterLineUtils.h */; };
		ADFAAF412A35141500D92129 /* GADMediationAdapterLineInterstitialAdLoader.h in Headers */ = {isa = PBXBuildFile; fileRef = ADFAAF402A35141400D92129 /* GADMediationAdapterLineInterstitialAdLoader.h */; };
		ADFAAF432A3514D700D92129 /* GADMediationAdapterLineInterstitialAdLoader.m in Sources */ = {isa = PBXBuildFile; fileRef = ADFAAF422A3514D700D92129 /* GADMediationAdapterLineInterstitialAdLoader.m */; };
/* End PBXBuildFile section */

/* Begin PBXCopyFilesBuildPhase section */
		7DFABB1B1DA8682C00322E02 /* CopyFiles */ = {
			isa = PBXCopyFilesBuildPhase;
			buildActionMask = 12;
			dstPath = "include/$(PRODUCT_NAME)";
			dstSubfolderSpec = 16;
			files = (
			);
			runOnlyForDeploymentPostprocessing = 0;
		};
/* End PBXCopyFilesBuildPhase section */

/* Begin PBXFileReference section */
		AD98A6322A2163E000017B8D /* CHANGELOG.md */ = {isa = PBXFileReference; lastKnownFileType = net.daringfireball.markdown; path = CHANGELOG.md; sourceTree = "<group>"; };
		AD98A6332A2163E000017B8D /* README.md */ = {isa = PBXFileReference; lastKnownFileType = net.daringfireball.markdown; path = README.md; sourceTree = "<group>"; };
		AD98A6352A21644C00017B8D /* README.md */ = {isa = PBXFileReference; lastKnownFileType = net.daringfireball.markdown; path = README.md; sourceTree = "<group>"; };
		AD98A6362A21644C00017B8D /* Script_Framework.sh */ = {isa = PBXFileReference; lastKnownFileType = text.script.sh; path = Script_Framework.sh; sourceTree = "<group>"; };
		AD98A6382A21644C00017B8D /* Script_Validate.sh */ = {isa = PBXFileReference; lastKnownFileType = text.script.sh; path = Script_Validate.sh; sourceTree = "<group>"; };
		AD98A63A2A21644C00017B8D /* Adapter.xcconfig */ = {isa = PBXFileReference; lastKnownFileType = text.xcconfig; path = Adapter.xcconfig; sourceTree = "<group>"; };
		AD98A63B2A21644C00017B8D /* Debug.xcconfig */ = {isa = PBXFileReference; lastKnownFileType = text.xcconfig; path = Debug.xcconfig; sourceTree = "<group>"; };
		AD98A63C2A21644C00017B8D /* Release.xcconfig */ = {isa = PBXFileReference; lastKnownFileType = text.xcconfig; path = Release.xcconfig; sourceTree = "<group>"; };
		AD98A6422A2164BD00017B8D /* LineAdapter.h */ = {isa = PBXFileReference; lastKnownFileType = sourcecode.c.h; path = LineAdapter.h; sourceTree = "<group>"; };
		AD98A6432A2164BD00017B8D /* module.modulemap */ = {isa = PBXFileReference; lastKnownFileType = "sourcecode.module-map"; path = module.modulemap; sourceTree = "<group>"; };
		AD98A64A2A216B1200017B8D /* GADMediationAdapterLine.h */ = {isa = PBXFileReference; lastKnownFileType = sourcecode.c.h; path = GADMediationAdapterLine.h; sourceTree = "<group>"; };
		AD98A64C2A216BC500017B8D /* GADMediationAdapterLine.m */ = {isa = PBXFileReference; lastKnownFileType = sourcecode.c.objc; path = GADMediationAdapterLine.m; sourceTree = "<group>"; };
		ADA4F5AA2A43C3B200B2236A /* GADMediationAdapterLineExtras.h */ = {isa = PBXFileReference; lastKnownFileType = sourcecode.c.h; path = GADMediationAdapterLineExtras.h; sourceTree = "<group>"; };
		ADA4F5AC2A43C3F100B2236A /* GADMediationAdapterLineNativeAdLoader.h */ = {isa = PBXFileReference; lastKnownFileType = sourcecode.c.h; path = GADMediationAdapterLineNativeAdLoader.h; sourceTree = "<group>"; };
		ADA4F5AE2A43C40C00B2236A /* GADMediationAdapterLineNativeAdLoader.m */ = {isa = PBXFileReference; lastKnownFileType = sourcecode.c.objc; path = GADMediationAdapterLineNativeAdLoader.m; sourceTree = "<group>"; };
		ADA4F5B02A43C43A00B2236A /* GADMediationAdapterLineExtras.m */ = {isa = PBXFileReference; lastKnownFileType = sourcecode.c.objc; path = GADMediationAdapterLineExtras.m; sourceTree = "<group>"; };
		ADEAFA462A36A2890036464A /* GADMediationAdapterLineBannerAdLoader.h */ = {isa = PBXFileReference; lastKnownFileType = sourcecode.c.h; path = GADMediationAdapterLineBannerAdLoader.h; sourceTree = "<group>"; };
		ADEAFA482A36A3420036464A /* GADMediationAdapterLineBannerAdLoader.m */ = {isa = PBXFileReference; lastKnownFileType = sourcecode.c.objc; path = GADMediationAdapterLineBannerAdLoader.m; sourceTree = "<group>"; };
		ADEAFA5A2A37B5F80036464A /* GADMediationAdapterLineRewardedAdLoader.m */ = {isa = PBXFileReference; lastKnownFileType = sourcecode.c.objc; path = GADMediationAdapterLineRewardedAdLoader.m; sourceTree = "<group>"; };
		ADEAFA5C2A37B6260036464A /* GADMediationAdapterLineRewardedAdLoader.h */ = {isa = PBXFileReference; lastKnownFileType = sourcecode.c.h; path = GADMediationAdapterLineRewardedAdLoader.h; sourceTree = "<group>"; };
		ADFAAEFF2A33C0ED00D92129 /* GADMediationAdapterLineConstants.h */ = {isa = PBXFileReference; lastKnownFileType = sourcecode.c.h; path = GADMediationAdapterLineConstants.h; sourceTree = "<group>"; };
		ADFAAF012A33C14300D92129 /* GADMediationAdapterLineConstants.m */ = {isa = PBXFileReference; lastKnownFileType = sourcecode.c.objc; path = GADMediationAdapterLineConstants.m; sourceTree = "<group>"; };
		ADFAAF092A33E51200D92129 /* GADMediationAdapterLineUtils.h */ = {isa = PBXFileReference; lastKnownFileType = sourcecode.c.h; path = GADMediationAdapterLineUtils.h; sourceTree = "<group>"; };
		ADFAAF0A2A33E64500D92129 /* GADMediationAdapterLineUtils.m */ = {isa = PBXFileReference; lastKnownFileType = sourcecode.c.objc; path = GADMediationAdapterLineUtils.m; sourceTree = "<group>"; };
		ADFAAF3C2A35139000D92129 /* libAdapter.a */ = {isa = PBXFileReference; explicitFileType = archive.ar; includeInIndex = 0; path = libAdapter.a; sourceTree = BUILT_PRODUCTS_DIR; };
		ADFAAF402A35141400D92129 /* GADMediationAdapterLineInterstitialAdLoader.h */ = {isa = PBXFileReference; fileEncoding = 4; lastKnownFileType = sourcecode.c.h; path = GADMediationAdapterLineInterstitialAdLoader.h; sourceTree = "<group>"; };
		ADFAAF422A3514D700D92129 /* GADMediationAdapterLineInterstitialAdLoader.m */ = {isa = PBXFileReference; lastKnownFileType = sourcecode.c.objc; path = GADMediationAdapterLineInterstitialAdLoader.m; sourceTree = "<group>"; };
/* End PBXFileReference section */

/* Begin PBXFrameworksBuildPhase section */
		7DFABB1A1DA8682C00322E02 /* Frameworks */ = {
			isa = PBXFrameworksBuildPhase;
			buildActionMask = 2147483647;
			files = (
			);
			runOnlyForDeploymentPostprocessing = 0;
		};
/* End PBXFrameworksBuildPhase section */

/* Begin PBXGroup section */
		7DFABB141DA8682C00322E02 = {
			isa = PBXGroup;
			children = (
				AD98A6322A2163E000017B8D /* CHANGELOG.md */,
				AD98A6332A2163E000017B8D /* README.md */,
				AD98A6342A21644C00017B8D /* BuildScript */,
				AD98A6392A21644C00017B8D /* Configuration */,
				AD98A6452A21666D00017B8D /* LineAdapter */,
				AD98A6402A2164BD00017B8D /* Public */,
			);
			sourceTree = "<group>";
		};
		AD98A6342A21644C00017B8D /* BuildScript */ = {
			isa = PBXGroup;
			children = (
				AD98A6352A21644C00017B8D /* README.md */,
				AD98A6362A21644C00017B8D /* Script_Framework.sh */,
				AD98A6382A21644C00017B8D /* Script_Validate.sh */,
			);
			path = BuildScript;
			sourceTree = "<group>";
		};
		AD98A6392A21644C00017B8D /* Configuration */ = {
			isa = PBXGroup;
			children = (
				AD98A63A2A21644C00017B8D /* Adapter.xcconfig */,
				AD98A63B2A21644C00017B8D /* Debug.xcconfig */,
				AD98A63C2A21644C00017B8D /* Release.xcconfig */,
			);
			path = Configuration;
			sourceTree = "<group>";
		};
		AD98A6402A2164BD00017B8D /* Public */ = {
			isa = PBXGroup;
			children = (
				AD98A6412A2164BD00017B8D /* Headers */,
				AD98A6432A2164BD00017B8D /* module.modulemap */,
			);
			path = Public;
			sourceTree = "<group>";
		};
		AD98A6412A2164BD00017B8D /* Headers */ = {
			isa = PBXGroup;
			children = (
				AD98A6422A2164BD00017B8D /* LineAdapter.h */,
				ADA4F5AA2A43C3B200B2236A /* GADMediationAdapterLineExtras.h */,
			);
			path = Headers;
			sourceTree = "<group>";
		};
		AD98A6452A21666D00017B8D /* LineAdapter */ = {
			isa = PBXGroup;
			children = (
				AD98A64A2A216B1200017B8D /* GADMediationAdapterLine.h */,
				AD98A64C2A216BC500017B8D /* GADMediationAdapterLine.m */,
				ADFAAEFF2A33C0ED00D92129 /* GADMediationAdapterLineConstants.h */,
				ADFAAF012A33C14300D92129 /* GADMediationAdapterLineConstants.m */,
				ADFAAF092A33E51200D92129 /* GADMediationAdapterLineUtils.h */,
				ADFAAF0A2A33E64500D92129 /* GADMediationAdapterLineUtils.m */,
				ADFAAF402A35141400D92129 /* GADMediationAdapterLineInterstitialAdLoader.h */,
				ADFAAF422A3514D700D92129 /* GADMediationAdapterLineInterstitialAdLoader.m */,
				ADEAFA462A36A2890036464A /* GADMediationAdapterLineBannerAdLoader.h */,
				ADEAFA482A36A3420036464A /* GADMediationAdapterLineBannerAdLoader.m */,
				ADEAFA5C2A37B6260036464A /* GADMediationAdapterLineRewardedAdLoader.h */,
				ADEAFA5A2A37B5F80036464A /* GADMediationAdapterLineRewardedAdLoader.m */,
				ADA4F5AC2A43C3F100B2236A /* GADMediationAdapterLineNativeAdLoader.h */,
				ADA4F5AE2A43C40C00B2236A /* GADMediationAdapterLineNativeAdLoader.m */,
				ADA4F5B02A43C43A00B2236A /* GADMediationAdapterLineExtras.m */,
			);
			path = LineAdapter;
			sourceTree = SOURCE_ROOT;
		};
/* End PBXGroup section */

/* Begin PBXHeadersBuildPhase section */
		7DFABB4C1DA8699700322E02 /* Headers */ = {
			isa = PBXHeadersBuildPhase;
			buildActionMask = 2147483647;
			files = (
				ADFAAF252A3509C400D92129 /* GADMediationAdapterLineUtils.h in Headers */,
				ADA4F5AD2A43C3F100B2236A /* GADMediationAdapterLineNativeAdLoader.h in Headers */,
				AD98A6502A2171DD00017B8D /* LineAdapter.h in Headers */,
				ADFAAF002A33C0ED00D92129 /* GADMediationAdapterLineConstants.h in Headers */,
				ADA4F5AB2A43C3B200B2236A /* GADMediationAdapterLineExtras.h in Headers */,
				ADEAFA5D2A37B6260036464A /* GADMediationAdapterLineRewardedAdLoader.h in Headers */,
				ADFAAF412A35141500D92129 /* GADMediationAdapterLineInterstitialAdLoader.h in Headers */,
				AD98A64B2A216B1200017B8D /* GADMediationAdapterLine.h in Headers */,
				ADEAFA472A36A2890036464A /* GADMediationAdapterLineBannerAdLoader.h in Headers */,
			);
			runOnlyForDeploymentPostprocessing = 0;
		};
/* End PBXHeadersBuildPhase section */

/* Begin PBXNativeTarget section */
		7DFABB1C1DA8682C00322E02 /* Adapter */ = {
			isa = PBXNativeTarget;
			buildConfigurationList = 7DFABB261DA8682C00322E02 /* Build configuration list for PBXNativeTarget "Adapter" */;
			buildPhases = (
				7DFABB191DA8682C00322E02 /* Sources */,
				7DFABB1A1DA8682C00322E02 /* Frameworks */,
				7DFABB1B1DA8682C00322E02 /* CopyFiles */,
				7DFABB4C1DA8699700322E02 /* Headers */,
			);
			buildRules = (
			);
			dependencies = (
			);
			name = Adapter;
			productName = Adapter;
			productReference = ADFAAF3C2A35139000D92129 /* libAdapter.a */;
			productType = "com.apple.product-type.library.static";
		};
/* End PBXNativeTarget section */

/* Begin PBXProject section */
		7DFABB151DA8682C00322E02 /* Project object */ = {
			isa = PBXProject;
			attributes = {
				BuildIndependentTargetsInParallel = YES;
				LastUpgradeCheck = 1130;
				ORGANIZATIONNAME = Google;
				TargetAttributes = {
					5AD983D022EFAE79000FCD2F = {
						CreatedOnToolsVersion = 10.2.1;
						ProvisioningStyle = Automatic;
					};
					7D1B6CA21DC2ACF900D8CABF = {
						CreatedOnToolsVersion = 7.3.1;
					};
					7DFABB1C1DA8682C00322E02 = {
						CreatedOnToolsVersion = 7.3.1;
					};
				};
			};
			buildConfigurationList = 7DFABB181DA8682C00322E02 /* Build configuration list for PBXProject "LineAdapter" */;
			compatibilityVersion = "Xcode 14.0";
			developmentRegion = en;
			hasScannedForEncodings = 0;
			knownRegions = (
				en,
				Base,
			);
			mainGroup = 7DFABB141DA8682C00322E02;
			productRefGroup = 7DFABB141DA8682C00322E02;
			projectDirPath = "";
			projectRoot = "";
			targets = (
				7DFABB1C1DA8682C00322E02 /* Adapter */,
				7D1B6CA21DC2ACF900D8CABF /* Framework */,
				5AD983D022EFAE79000FCD2F /* ValidateSourceCode */,
			);
		};
/* End PBXProject section */

/* Begin PBXShellScriptBuildPhase section */
		5AD983D622EFAE90000FCD2F /* Validate Source Code */ = {
			isa = PBXShellScriptBuildPhase;
			buildActionMask = 2147483647;
			files = (
			);
			inputFileListPaths = (
			);
			inputPaths = (
			);
			name = "Validate Source Code";
			outputFileListPaths = (
			);
			outputPaths = (
			);
			runOnlyForDeploymentPostprocessing = 0;
			shellPath = /bin/bash;
			shellScript = "set -o errexit\nset -o nounset\nset -o xtrace\n\nbash \"${SRCROOT}/BuildScript/Script_Validate.sh\"\n";
		};
		7D1B6CA61DC2AD7700D8CABF /* Framework Script */ = {
			isa = PBXShellScriptBuildPhase;
			buildActionMask = 2147483647;
			files = (
			);
			inputPaths = (
			);
			name = "Framework Script";
			outputPaths = (
			);
			runOnlyForDeploymentPostprocessing = 0;
			shellPath = /bin/sh;
			shellScript = "\"${SRCROOT}/BuildScript/Script_Framework.sh\"\n";
		};
/* End PBXShellScriptBuildPhase section */

/* Begin PBXSourcesBuildPhase section */
		7DFABB191DA8682C00322E02 /* Sources */ = {
			isa = PBXSourcesBuildPhase;
			buildActionMask = 2147483647;
			files = (
				ADA4F5B12A43C43A00B2236A /* GADMediationAdapterLineExtras.m in Sources */,
				ADFAAF0B2A33E64500D92129 /* GADMediationAdapterLineUtils.m in Sources */,
				AD98A64D2A216BC500017B8D /* GADMediationAdapterLine.m in Sources */,
				ADEAFA492A36A3420036464A /* GADMediationAdapterLineBannerAdLoader.m in Sources */,
				ADFAAF432A3514D700D92129 /* GADMediationAdapterLineInterstitialAdLoader.m in Sources */,
				ADA4F5AF2A43C40C00B2236A /* GADMediationAdapterLineNativeAdLoader.m in Sources */,
				ADFAAF022A33C14300D92129 /* GADMediationAdapterLineConstants.m in Sources */,
				ADEAFA5B2A37B5F80036464A /* GADMediationAdapterLineRewardedAdLoader.m in Sources */,
			);
			runOnlyForDeploymentPostprocessing = 0;
		};
/* End PBXSourcesBuildPhase section */

/* Begin XCBuildConfiguration section */
		5AD983D122EFAE79000FCD2F /* Debug */ = {
			isa = XCBuildConfiguration;
			buildSettings = {
				CODE_SIGN_STYLE = Automatic;
				PRODUCT_NAME = "$(TARGET_NAME)";
			};
			name = Debug;
		};
		5AD983D222EFAE79000FCD2F /* Release */ = {
			isa = XCBuildConfiguration;
			buildSettings = {
				CODE_SIGN_STYLE = Automatic;
				PRODUCT_NAME = "$(TARGET_NAME)";
			};
			name = Release;
		};
		7D1B6CA41DC2ACF900D8CABF /* Debug */ = {
			isa = XCBuildConfiguration;
			buildSettings = {
			};
			name = Debug;
		};
		7D1B6CA51DC2ACF900D8CABF /* Release */ = {
			isa = XCBuildConfiguration;
			buildSettings = {
			};
			name = Release;
		};
		7DFABB241DA8682C00322E02 /* Debug */ = {
			isa = XCBuildConfiguration;
			baseConfigurationReference = AD98A63A2A21644C00017B8D /* Adapter.xcconfig */;
			buildSettings = {
				ALWAYS_SEARCH_USER_PATHS = NO;
				CLANG_ANALYZER_LOCALIZABILITY_NONLOCALIZED = YES;
				CLANG_ANALYZER_NONNULL = YES;
				CLANG_CXX_LANGUAGE_STANDARD = "gnu++0x";
				CLANG_CXX_LIBRARY = "libc++";
				CLANG_WARN_BLOCK_CAPTURE_AUTORELEASING = YES;
				CLANG_WARN_BOOL_CONVERSION = YES;
				CLANG_WARN_COMMA = YES;
				CLANG_WARN_CONSTANT_CONVERSION = YES;
				CLANG_WARN_DEPRECATED_OBJC_IMPLEMENTATIONS = YES;
				CLANG_WARN_DIRECT_OBJC_ISA_USAGE = YES_ERROR;
				CLANG_WARN_EMPTY_BODY = YES;
				CLANG_WARN_ENUM_CONVERSION = YES;
				CLANG_WARN_INFINITE_RECURSION = YES;
				CLANG_WARN_INT_CONVERSION = YES;
				CLANG_WARN_NON_LITERAL_NULL_CONVERSION = YES;
				CLANG_WARN_OBJC_LITERAL_CONVERSION = YES;
				CLANG_WARN_OBJC_ROOT_CLASS = YES_ERROR;
				CLANG_WARN_RANGE_LOOP_ANALYSIS = YES;
				CLANG_WARN_STRICT_PROTOTYPES = YES;
				CLANG_WARN_SUSPICIOUS_MOVE = YES;
				CLANG_WARN_UNREACHABLE_CODE = YES;
				CLANG_WARN__DUPLICATE_METHOD_MATCH = YES;
				"CODE_SIGN_IDENTITY[sdk=iphoneos*]" = "iPhone Developer";
				COPY_PHASE_STRIP = NO;
				DEBUG_INFORMATION_FORMAT = dwarf;
				ENABLE_STRICT_OBJC_MSGSEND = YES;
				ENABLE_TESTABILITY = YES;
				GCC_C_LANGUAGE_STANDARD = gnu99;
				GCC_DYNAMIC_NO_PIC = NO;
				GCC_NO_COMMON_BLOCKS = YES;
				GCC_OPTIMIZATION_LEVEL = 0;
				GCC_PREPROCESSOR_DEFINITIONS = (
					"DEBUG=1",
					"$(inherited)",
				);
				GCC_WARN_64_TO_32_BIT_CONVERSION = YES;
				GCC_WARN_ABOUT_RETURN_TYPE = YES_ERROR;
				GCC_WARN_UNDECLARED_SELECTOR = YES;
				GCC_WARN_UNINITIALIZED_AUTOS = YES_AGGRESSIVE;
				GCC_WARN_UNUSED_FUNCTION = YES;
				GCC_WARN_UNUSED_VARIABLE = YES;
				MTL_ENABLE_DEBUG_INFO = YES;
				ONLY_ACTIVE_ARCH = YES;
				OTHER_LDFLAGS = "$(inherited)";
			};
			name = Debug;
		};
		7DFABB251DA8682C00322E02 /* Release */ = {
			isa = XCBuildConfiguration;
			baseConfigurationReference = AD98A63A2A21644C00017B8D /* Adapter.xcconfig */;
			buildSettings = {
				ALWAYS_SEARCH_USER_PATHS = NO;
				CLANG_ANALYZER_LOCALIZABILITY_NONLOCALIZED = YES;
				CLANG_ANALYZER_NONNULL = YES;
				CLANG_CXX_LANGUAGE_STANDARD = "gnu++0x";
				CLANG_CXX_LIBRARY = "libc++";
				CLANG_WARN_BLOCK_CAPTURE_AUTORELEASING = YES;
				CLANG_WARN_BOOL_CONVERSION = YES;
				CLANG_WARN_COMMA = YES;
				CLANG_WARN_CONSTANT_CONVERSION = YES;
				CLANG_WARN_DEPRECATED_OBJC_IMPLEMENTATIONS = YES;
				CLANG_WARN_DIRECT_OBJC_ISA_USAGE = YES_ERROR;
				CLANG_WARN_EMPTY_BODY = YES;
				CLANG_WARN_ENUM_CONVERSION = YES;
				CLANG_WARN_INFINITE_RECURSION = YES;
				CLANG_WARN_INT_CONVERSION = YES;
				CLANG_WARN_NON_LITERAL_NULL_CONVERSION = YES;
				CLANG_WARN_OBJC_LITERAL_CONVERSION = YES;
				CLANG_WARN_OBJC_ROOT_CLASS = YES_ERROR;
				CLANG_WARN_RANGE_LOOP_ANALYSIS = YES;
				CLANG_WARN_STRICT_PROTOTYPES = YES;
				CLANG_WARN_SUSPICIOUS_MOVE = YES;
				CLANG_WARN_UNREACHABLE_CODE = YES;
				CLANG_WARN__DUPLICATE_METHOD_MATCH = YES;
				"CODE_SIGN_IDENTITY[sdk=iphoneos*]" = "iPhone Developer";
				COPY_PHASE_STRIP = NO;
				DEBUG_INFORMATION_FORMAT = "dwarf-with-dsym";
				ENABLE_NS_ASSERTIONS = NO;
				ENABLE_STRICT_OBJC_MSGSEND = YES;
				GCC_C_LANGUAGE_STANDARD = gnu99;
				GCC_NO_COMMON_BLOCKS = YES;
				GCC_WARN_64_TO_32_BIT_CONVERSION = YES;
				GCC_WARN_ABOUT_RETURN_TYPE = YES_ERROR;
				GCC_WARN_UNDECLARED_SELECTOR = YES;
				GCC_WARN_UNINITIALIZED_AUTOS = YES_AGGRESSIVE;
				GCC_WARN_UNUSED_FUNCTION = YES;
				GCC_WARN_UNUSED_VARIABLE = YES;
				MTL_ENABLE_DEBUG_INFO = NO;
				OTHER_LDFLAGS = "$(inherited)";
				VALIDATE_PRODUCT = YES;
			};
			name = Release;
		};
		7DFABB271DA8682C00322E02 /* Debug */ = {
			isa = XCBuildConfiguration;
			buildSettings = {
				SKIP_INSTALL = YES;
			};
			name = Debug;
		};
		7DFABB281DA8682C00322E02 /* Release */ = {
			isa = XCBuildConfiguration;
			buildSettings = {
				SKIP_INSTALL = YES;
			};
			name = Release;
		};
/* End XCBuildConfiguration section */

/* Begin XCConfigurationList section */
		5AD983D322EFAE79000FCD2F /* Build configuration list for PBXAggregateTarget "ValidateSourceCode" */ = {
			isa = XCConfigurationList;
			buildConfigurations = (
				5AD983D122EFAE79000FCD2F /* Debug */,
				5AD983D222EFAE79000FCD2F /* Release */,
			);
			defaultConfigurationIsVisible = 0;
			defaultConfigurationName = Release;
		};
		7D1B6CA31DC2ACF900D8CABF /* Build configuration list for PBXAggregateTarget "Framework" */ = {
			isa = XCConfigurationList;
			buildConfigurations = (
				7D1B6CA41DC2ACF900D8CABF /* Debug */,
				7D1B6CA51DC2ACF900D8CABF /* Release */,
			);
			defaultConfigurationIsVisible = 0;
			defaultConfigurationName = Release;
		};
		7DFABB181DA8682C00322E02 /* Build configuration list for PBXProject "LineAdapter" */ = {
			isa = XCConfigurationList;
			buildConfigurations = (
				7DFABB241DA8682C00322E02 /* Debug */,
				7DFABB251DA8682C00322E02 /* Release */,
			);
			defaultConfigurationIsVisible = 0;
			defaultConfigurationName = Release;
		};
		7DFABB261DA8682C00322E02 /* Build configuration list for PBXNativeTarget "Adapter" */ = {
			isa = XCConfigurationList;
			buildConfigurations = (
				7DFABB271DA8682C00322E02 /* Debug */,
				7DFABB281DA8682C00322E02 /* Release */,
			);
			defaultConfigurationIsVisible = 0;
			defaultConfigurationName = Release;
		};
/* End XCConfigurationList section */
	};
	rootObject = 7DFABB151DA8682C00322E02 /* Project object */;
}
