// !$*UTF8*$!
{
	archiveVersion = 1;
	classes = {
	};
	objectVersion = 46;
	objects = {

/* Begin PBXAggregateTarget section */
		7D1B6CA21DC2ACF900D8CABF /* Framework */ = {
			isa = PBXAggregateTarget;
			buildConfigurationList = 7D1B6CA31DC2ACF900D8CABF /* Build configuration list for PBXAggregateTarget "Framework" */;
			buildPhases = (
				7D1B6CA61DC2AD7700D8CABF /* Framework Script */,
			);
			dependencies = (
			);
			name = Framework;
			productName = Framework;
		};
		7DFABB531DA86A1100322E02 /* FatAdapter */ = {
			isa = PBXAggregateTarget;
			buildConfigurationList = 7DFABB541DA86A1100322E02 /* Build configuration list for PBXAggregateTarget "FatAdapter" */;
			buildPhases = (
				7DD2DCBD1DD12E3E00888FDB /* Static Library Script */,
			);
			dependencies = (
			);
			name = FatAdapter;
			productName = FatAdapter;
		};
/* End PBXAggregateTarget section */

/* Begin PBXBuildFile section */
		458F45BC2295FBAF0057E58B /* GADMediationAdapterDuAd.h in Headers */ = {isa = PBXBuildFile; fileRef = 458F45BA2295FBAF0057E58B /* GADMediationAdapterDuAd.h */; };
		458F45BD2295FBAF0057E58B /* GADMediationAdapterDuAd.m in Sources */ = {isa = PBXBuildFile; fileRef = 458F45BB2295FBAF0057E58B /* GADMediationAdapterDuAd.m */; };
		458F45BF2295FED00057E58B /* GADMAdapterDuAdConstants.h in Headers */ = {isa = PBXBuildFile; fileRef = 458F45BE2295FED00057E58B /* GADMAdapterDuAdConstants.h */; };
		56148C5B1F26626D0041F201 /* GADDuAdNetworkExtras.m in Sources */ = {isa = PBXBuildFile; fileRef = 56148C4B1F26626D0041F201 /* GADDuAdNetworkExtras.m */; };
		7DC8682E1DDA8D4400F0F1C4 /* DuAdAdapter.h in Headers */ = {isa = PBXBuildFile; fileRef = 7DC8681C1DDA8D4400F0F1C4 /* DuAdAdapter.h */; settings = {ATTRIBUTES = (Public, ); }; };
		7DC868301DDA8D4400F0F1C4 /* GADDuAdNetworkExtras.h in Headers */ = {isa = PBXBuildFile; fileRef = 7DC8681E1DDA8D4400F0F1C4 /* GADDuAdNetworkExtras.h */; settings = {ATTRIBUTES = (Public, ); }; };
		A408FBD4200DEBA20082ACFA /* GADDuAdNativeAd.h in Headers */ = {isa = PBXBuildFile; fileRef = A408FBD2200DEBA20082ACFA /* GADDuAdNativeAd.h */; };
		A408FBD5200DEBA20082ACFA /* GADDuAdNativeAd.m in Sources */ = {isa = PBXBuildFile; fileRef = A408FBD3200DEBA20082ACFA /* GADDuAdNativeAd.m */; };
		A408FBD8200DEBE90082ACFA /* GADDuAdInterstitialAd.h in Headers */ = {isa = PBXBuildFile; fileRef = A408FBD6200DEBE90082ACFA /* GADDuAdInterstitialAd.h */; };
		A408FBD9200DEBE90082ACFA /* GADDuAdInterstitialAd.m in Sources */ = {isa = PBXBuildFile; fileRef = A408FBD7200DEBE90082ACFA /* GADDuAdInterstitialAd.m */; };
		A408FBDC200DED810082ACFA /* GADDuAdError.h in Headers */ = {isa = PBXBuildFile; fileRef = A408FBDA200DED810082ACFA /* GADDuAdError.h */; };
		A408FBDD200DED810082ACFA /* GADDuAdError.m in Sources */ = {isa = PBXBuildFile; fileRef = A408FBDB200DED810082ACFA /* GADDuAdError.m */; };
		A408FBE0200DEE1B0082ACFA /* GADDuAdAdapterDelegate.h in Headers */ = {isa = PBXBuildFile; fileRef = A408FBDE200DEE1B0082ACFA /* GADDuAdAdapterDelegate.h */; };
		A408FBE1200DEE1B0082ACFA /* GADDuAdAdapterDelegate.m in Sources */ = {isa = PBXBuildFile; fileRef = A408FBDF200DEE1B0082ACFA /* GADDuAdAdapterDelegate.m */; };
		A408FBE4200DEE8C0082ACFA /* GADMAdapterDuAdNative.h in Headers */ = {isa = PBXBuildFile; fileRef = A408FBE2200DEE8C0082ACFA /* GADMAdapterDuAdNative.h */; };
		A408FBE5200DEE8C0082ACFA /* GADMAdapterDuAdNative.m in Sources */ = {isa = PBXBuildFile; fileRef = A408FBE3200DEE8C0082ACFA /* GADMAdapterDuAdNative.m */; };
		A408FBE8200DF4180082ACFA /* GADMAdapterDuAd.h in Headers */ = {isa = PBXBuildFile; fileRef = A408FBE6200DF4180082ACFA /* GADMAdapterDuAd.h */; };
		A408FBE9200DF4180082ACFA /* GADMAdapterDuAd.m in Sources */ = {isa = PBXBuildFile; fileRef = A408FBE7200DF4180082ACFA /* GADMAdapterDuAd.m */; };
		A494D9B3202D7210006758A8 /* GADDuAdInitializer.h in Headers */ = {isa = PBXBuildFile; fileRef = A494D9B1202D7210006758A8 /* GADDuAdInitializer.h */; };
		A494D9B4202D7210006758A8 /* GADDuAdInitializer.m in Sources */ = {isa = PBXBuildFile; fileRef = A494D9B2202D7210006758A8 /* GADDuAdInitializer.m */; };
/* End PBXBuildFile section */

/* Begin PBXCopyFilesBuildPhase section */
		7DFABB1B1DA8682C00322E02 /* CopyFiles */ = {
			isa = PBXCopyFilesBuildPhase;
			buildActionMask = 12;
			dstPath = "include/$(PRODUCT_NAME)";
			dstSubfolderSpec = 16;
			files = (
			);
			runOnlyForDeploymentPostprocessing = 0;
		};
/* End PBXCopyFilesBuildPhase section */

/* Begin PBXFileReference section */
		458F45BA2295FBAF0057E58B /* GADMediationAdapterDuAd.h */ = {isa = PBXFileReference; lastKnownFileType = sourcecode.c.h; path = GADMediationAdapterDuAd.h; sourceTree = "<group>"; };
		458F45BB2295FBAF0057E58B /* GADMediationAdapterDuAd.m */ = {isa = PBXFileReference; lastKnownFileType = sourcecode.c.objc; path = GADMediationAdapterDuAd.m; sourceTree = "<group>"; };
		458F45BE2295FED00057E58B /* GADMAdapterDuAdConstants.h */ = {isa = PBXFileReference; lastKnownFileType = sourcecode.c.h; path = GADMAdapterDuAdConstants.h; sourceTree = "<group>"; };
		56148C4B1F26626D0041F201 /* GADDuAdNetworkExtras.m */ = {isa = PBXFileReference; fileEncoding = 4; lastKnownFileType = sourcecode.c.objc; path = GADDuAdNetworkExtras.m; sourceTree = "<group>"; };
		7D264FF01DDD1B4E00027720 /* CHANGELOG.md */ = {isa = PBXFileReference; fileEncoding = 4; lastKnownFileType = net.daringfireball.markdown; path = CHANGELOG.md; sourceTree = "<group>"; };
		7D264FF21DDD1B9400027720 /* README.md */ = {isa = PBXFileReference; fileEncoding = 4; lastKnownFileType = net.daringfireball.markdown; path = README.md; sourceTree = "<group>"; };
		7D46CFDF1DB6B7CC0050F612 /* Adapter.xcconfig */ = {isa = PBXFileReference; lastKnownFileType = text.xcconfig; path = Adapter.xcconfig; sourceTree = "<group>"; };
		7D6A68A31DB7ED230001E48B /* Debug.xcconfig */ = {isa = PBXFileReference; lastKnownFileType = text.xcconfig; path = Debug.xcconfig; sourceTree = "<group>"; };
		7D6A68A41DB7ED310001E48B /* Release.xcconfig */ = {isa = PBXFileReference; lastKnownFileType = text.xcconfig; path = Release.xcconfig; sourceTree = "<group>"; };
		7D9552B11DC006E5005DCE8D /* Script_Framework.sh */ = {isa = PBXFileReference; lastKnownFileType = text.script.sh; path = Script_Framework.sh; sourceTree = "<group>"; };
		7D9552B21DC006E5005DCE8D /* Script_Library.sh */ = {isa = PBXFileReference; lastKnownFileType = text.script.sh; path = Script_Library.sh; sourceTree = "<group>"; };
		7DC8681C1DDA8D4400F0F1C4 /* DuAdAdapter.h */ = {isa = PBXFileReference; fileEncoding = 4; lastKnownFileType = sourcecode.c.h; path = DuAdAdapter.h; sourceTree = "<group>"; };
		7DC8681E1DDA8D4400F0F1C4 /* GADDuAdNetworkExtras.h */ = {isa = PBXFileReference; fileEncoding = 4; lastKnownFileType = sourcecode.c.h; path = GADDuAdNetworkExtras.h; sourceTree = "<group>"; };
		7DC8681F1DDA8D4400F0F1C4 /* module.modulemap */ = {isa = PBXFileReference; fileEncoding = 4; lastKnownFileType = "sourcecode.module-map"; path = module.modulemap; sourceTree = "<group>"; };
		7DE821BF1DB04B5000AA08CF /* README.md */ = {isa = PBXFileReference; fileEncoding = 4; lastKnownFileType = net.daringfireball.markdown; path = README.md; sourceTree = "<group>"; };
		7DFABB1D1DA8682C00322E02 /* libAdapter.a */ = {isa = PBXFileReference; explicitFileType = archive.ar; includeInIndex = 0; path = libAdapter.a; sourceTree = BUILT_PRODUCTS_DIR; };
		A408FBD2200DEBA20082ACFA /* GADDuAdNativeAd.h */ = {isa = PBXFileReference; lastKnownFileType = sourcecode.c.h; path = GADDuAdNativeAd.h; sourceTree = "<group>"; };
		A408FBD3200DEBA20082ACFA /* GADDuAdNativeAd.m */ = {isa = PBXFileReference; lastKnownFileType = sourcecode.c.objc; path = GADDuAdNativeAd.m; sourceTree = "<group>"; };
		A408FBD6200DEBE90082ACFA /* GADDuAdInterstitialAd.h */ = {isa = PBXFileReference; lastKnownFileType = sourcecode.c.h; path = GADDuAdInterstitialAd.h; sourceTree = "<group>"; };
		A408FBD7200DEBE90082ACFA /* GADDuAdInterstitialAd.m */ = {isa = PBXFileReference; lastKnownFileType = sourcecode.c.objc; path = GADDuAdInterstitialAd.m; sourceTree = "<group>"; };
		A408FBDA200DED810082ACFA /* GADDuAdError.h */ = {isa = PBXFileReference; lastKnownFileType = sourcecode.c.h; path = GADDuAdError.h; sourceTree = "<group>"; };
		A408FBDB200DED810082ACFA /* GADDuAdError.m */ = {isa = PBXFileReference; lastKnownFileType = sourcecode.c.objc; path = GADDuAdError.m; sourceTree = "<group>"; };
		A408FBDE200DEE1B0082ACFA /* GADDuAdAdapterDelegate.h */ = {isa = PBXFileReference; lastKnownFileType = sourcecode.c.h; path = GADDuAdAdapterDelegate.h; sourceTree = "<group>"; };
		A408FBDF200DEE1B0082ACFA /* GADDuAdAdapterDelegate.m */ = {isa = PBXFileReference; lastKnownFileType = sourcecode.c.objc; path = GADDuAdAdapterDelegate.m; sourceTree = "<group>"; };
		A408FBE2200DEE8C0082ACFA /* GADMAdapterDuAdNative.h */ = {isa = PBXFileReference; lastKnownFileType = sourcecode.c.h; path = GADMAdapterDuAdNative.h; sourceTree = "<group>"; };
		A408FBE3200DEE8C0082ACFA /* GADMAdapterDuAdNative.m */ = {isa = PBXFileReference; lastKnownFileType = sourcecode.c.objc; path = GADMAdapterDuAdNative.m; sourceTree = "<group>"; };
		A408FBE6200DF4180082ACFA /* GADMAdapterDuAd.h */ = {isa = PBXFileReference; lastKnownFileType = sourcecode.c.h; path = GADMAdapterDuAd.h; sourceTree = "<group>"; };
		A408FBE7200DF4180082ACFA /* GADMAdapterDuAd.m */ = {isa = PBXFileReference; lastKnownFileType = sourcecode.c.objc; path = GADMAdapterDuAd.m; sourceTree = "<group>"; };
		A494D9B1202D7210006758A8 /* GADDuAdInitializer.h */ = {isa = PBXFileReference; lastKnownFileType = sourcecode.c.h; path = GADDuAdInitializer.h; sourceTree = "<group>"; };
		A494D9B2202D7210006758A8 /* GADDuAdInitializer.m */ = {isa = PBXFileReference; lastKnownFileType = sourcecode.c.objc; path = GADDuAdInitializer.m; sourceTree = "<group>"; };
/* End PBXFileReference section */

/* Begin PBXFrameworksBuildPhase section */
		7DFABB1A1DA8682C00322E02 /* Frameworks */ = {
			isa = PBXFrameworksBuildPhase;
			buildActionMask = 2147483647;
			files = (
			);
			runOnlyForDeploymentPostprocessing = 0;
		};
/* End PBXFrameworksBuildPhase section */

/* Begin PBXGroup section */
		564846D51F1936C900D5B552 /* Frameworks */ = {
			isa = PBXGroup;
			children = (
			);
			name = Frameworks;
			sourceTree = "<group>";
		};
		7D46CFDE1DB6B76E0050F612 /* Configuration */ = {
			isa = PBXGroup;
			children = (
				7D46CFDF1DB6B7CC0050F612 /* Adapter.xcconfig */,
				7D6A68A31DB7ED230001E48B /* Debug.xcconfig */,
				7D6A68A41DB7ED310001E48B /* Release.xcconfig */,
			);
			path = Configuration;
			sourceTree = "<group>";
		};
		7DC8680A1DDA8D4300F0F1C4 /* DuAdAdapter */ = {
			isa = PBXGroup;
			children = (
				56148C4B1F26626D0041F201 /* GADDuAdNetworkExtras.m */,
				A408FBD2200DEBA20082ACFA /* GADDuAdNativeAd.h */,
				A408FBD3200DEBA20082ACFA /* GADDuAdNativeAd.m */,
				A408FBD6200DEBE90082ACFA /* GADDuAdInterstitialAd.h */,
				A408FBD7200DEBE90082ACFA /* GADDuAdInterstitialAd.m */,
				A408FBDA200DED810082ACFA /* GADDuAdError.h */,
				A408FBDB200DED810082ACFA /* GADDuAdError.m */,
				A408FBDE200DEE1B0082ACFA /* GADDuAdAdapterDelegate.h */,
				A408FBDF200DEE1B0082ACFA /* GADDuAdAdapterDelegate.m */,
				A408FBE2200DEE8C0082ACFA /* GADMAdapterDuAdNative.h */,
				A408FBE3200DEE8C0082ACFA /* GADMAdapterDuAdNative.m */,
				A408FBE6200DF4180082ACFA /* GADMAdapterDuAd.h */,
				A408FBE7200DF4180082ACFA /* GADMAdapterDuAd.m */,
				A494D9B1202D7210006758A8 /* GADDuAdInitializer.h */,
				A494D9B2202D7210006758A8 /* GADDuAdInitializer.m */,
				458F45BA2295FBAF0057E58B /* GADMediationAdapterDuAd.h */,
				458F45BB2295FBAF0057E58B /* GADMediationAdapterDuAd.m */,
				458F45BE2295FED00057E58B /* GADMAdapterDuAdConstants.h */,
			);
			path = DuAdAdapter;
			sourceTree = "<group>";
		};
		7DC868191DDA8D4400F0F1C4 /* Public */ = {
			isa = PBXGroup;
			children = (
				7DC8681B1DDA8D4400F0F1C4 /* Headers */,
				7DC8681F1DDA8D4400F0F1C4 /* module.modulemap */,
			);
			path = Public;
			sourceTree = "<group>";
		};
		7DC8681B1DDA8D4400F0F1C4 /* Headers */ = {
			isa = PBXGroup;
			children = (
				7DC8681C1DDA8D4400F0F1C4 /* DuAdAdapter.h */,
				7DC8681E1DDA8D4400F0F1C4 /* GADDuAdNetworkExtras.h */,
			);
			path = Headers;
			sourceTree = "<group>";
		};
		7DE821BD1DB04B5000AA08CF /* BuildScript */ = {
			isa = PBXGroup;
			children = (
				7D264FF21DDD1B9400027720 /* README.md */,
				7D9552B21DC006E5005DCE8D /* Script_Library.sh */,
				7D9552B11DC006E5005DCE8D /* Script_Framework.sh */,
			);
			path = BuildScript;
			sourceTree = "<group>";
		};
		7DFABB141DA8682C00322E02 = {
			isa = PBXGroup;
			children = (
				7DE821BF1DB04B5000AA08CF /* README.md */,
				7D264FF01DDD1B4E00027720 /* CHANGELOG.md */,
				7DC8680A1DDA8D4300F0F1C4 /* DuAdAdapter */,
				7DC868191DDA8D4400F0F1C4 /* Public */,
				7DE821BD1DB04B5000AA08CF /* BuildScript */,
				7D46CFDE1DB6B76E0050F612 /* Configuration */,
				7DFABB1E1DA8682C00322E02 /* Products */,
				564846D51F1936C900D5B552 /* Frameworks */,
			);
			sourceTree = "<group>";
		};
		7DFABB1E1DA8682C00322E02 /* Products */ = {
			isa = PBXGroup;
			children = (
				7DFABB1D1DA8682C00322E02 /* libAdapter.a */,
			);
			name = Products;
			sourceTree = "<group>";
		};
/* End PBXGroup section */

/* Begin PBXHeadersBuildPhase section */
		7DFABB4C1DA8699700322E02 /* Headers */ = {
			isa = PBXHeadersBuildPhase;
			buildActionMask = 2147483647;
			files = (
				A408FBDC200DED810082ACFA /* GADDuAdError.h in Headers */,
				A494D9B3202D7210006758A8 /* GADDuAdInitializer.h in Headers */,
				458F45BC2295FBAF0057E58B /* GADMediationAdapterDuAd.h in Headers */,
				A408FBD8200DEBE90082ACFA /* GADDuAdInterstitialAd.h in Headers */,
				A408FBD4200DEBA20082ACFA /* GADDuAdNativeAd.h in Headers */,
				A408FBE0200DEE1B0082ACFA /* GADDuAdAdapterDelegate.h in Headers */,
				458F45BF2295FED00057E58B /* GADMAdapterDuAdConstants.h in Headers */,
				A408FBE4200DEE8C0082ACFA /* GADMAdapterDuAdNative.h in Headers */,
				7DC868301DDA8D4400F0F1C4 /* GADDuAdNetworkExtras.h in Headers */,
				7DC8682E1DDA8D4400F0F1C4 /* DuAdAdapter.h in Headers */,
				A408FBE8200DF4180082ACFA /* GADMAdapterDuAd.h in Headers */,
			);
			runOnlyForDeploymentPostprocessing = 0;
		};
/* End PBXHeadersBuildPhase section */

/* Begin PBXNativeTarget section */
		7DFABB1C1DA8682C00322E02 /* Adapter */ = {
			isa = PBXNativeTarget;
			buildConfigurationList = 7DFABB261DA8682C00322E02 /* Build configuration list for PBXNativeTarget "Adapter" */;
			buildPhases = (
				7DFABB191DA8682C00322E02 /* Sources */,
				7DFABB1A1DA8682C00322E02 /* Frameworks */,
				7DFABB1B1DA8682C00322E02 /* CopyFiles */,
				7DFABB4C1DA8699700322E02 /* Headers */,
			);
			buildRules = (
			);
			dependencies = (
			);
			name = Adapter;
			productName = Adapter;
			productReference = 7DFABB1D1DA8682C00322E02 /* libAdapter.a */;
			productType = "com.apple.product-type.library.static";
		};
/* End PBXNativeTarget section */

/* Begin PBXProject section */
		7DFABB151DA8682C00322E02 /* Project object */ = {
			isa = PBXProject;
			attributes = {
				LastUpgradeCheck = 0900;
				ORGANIZATIONNAME = Google;
				TargetAttributes = {
					7D1B6CA21DC2ACF900D8CABF = {
						CreatedOnToolsVersion = 7.3.1;
					};
					7DFABB1C1DA8682C00322E02 = {
						CreatedOnToolsVersion = 7.3.1;
					};
					7DFABB531DA86A1100322E02 = {
						CreatedOnToolsVersion = 7.3.1;
					};
				};
			};
			buildConfigurationList = 7DFABB181DA8682C00322E02 /* Build configuration list for PBXProject "DuAdAdapter" */;
			compatibilityVersion = "Xcode 3.2";
			developmentRegion = English;
			hasScannedForEncodings = 0;
			knownRegions = (
				en,
			);
			mainGroup = 7DFABB141DA8682C00322E02;
			productRefGroup = 7DFABB1E1DA8682C00322E02 /* Products */;
			projectDirPath = "";
			projectRoot = "";
			targets = (
				7DFABB1C1DA8682C00322E02 /* Adapter */,
				7DFABB531DA86A1100322E02 /* FatAdapter */,
				7D1B6CA21DC2ACF900D8CABF /* Framework */,
			);
		};
/* End PBXProject section */

/* Begin PBXShellScriptBuildPhase section */
		7D1B6CA61DC2AD7700D8CABF /* Framework Script */ = {
			isa = PBXShellScriptBuildPhase;
			buildActionMask = 2147483647;
			files = (
			);
			inputPaths = (
			);
			name = "Framework Script";
			outputPaths = (
			);
			runOnlyForDeploymentPostprocessing = 0;
			shellPath = /bin/sh;
			shellScript = "\"${SRCROOT}/BuildScript/Script_Framework.sh\"";
		};
		7DD2DCBD1DD12E3E00888FDB /* Static Library Script */ = {
			isa = PBXShellScriptBuildPhase;
			buildActionMask = 2147483647;
			files = (
			);
			inputPaths = (
			);
			name = "Static Library Script";
			outputPaths = (
			);
			runOnlyForDeploymentPostprocessing = 0;
			shellPath = /bin/sh;
			shellScript = "\"${SRCROOT}/BuildScript/Script_Library.sh\"";
		};
/* End PBXShellScriptBuildPhase section */

/* Begin PBXSourcesBuildPhase section */
		7DFABB191DA8682C00322E02 /* Sources */ = {
			isa = PBXSourcesBuildPhase;
			buildActionMask = 2147483647;
			files = (
				A408FBDD200DED810082ACFA /* GADDuAdError.m in Sources */,
				A408FBE5200DEE8C0082ACFA /* GADMAdapterDuAdNative.m in Sources */,
				A408FBD9200DEBE90082ACFA /* GADDuAdInterstitialAd.m in Sources */,
				458F45BD2295FBAF0057E58B /* GADMediationAdapterDuAd.m in Sources */,
				A408FBE1200DEE1B0082ACFA /* GADDuAdAdapterDelegate.m in Sources */,
				A408FBD5200DEBA20082ACFA /* GADDuAdNativeAd.m in Sources */,
				A494D9B4202D7210006758A8 /* GADDuAdInitializer.m in Sources */,
				A408FBE9200DF4180082ACFA /* GADMAdapterDuAd.m in Sources */,
				56148C5B1F26626D0041F201 /* GADDuAdNetworkExtras.m in Sources */,
			);
			runOnlyForDeploymentPostprocessing = 0;
		};
/* End PBXSourcesBuildPhase section */

/* Begin XCBuildConfiguration section */
		7D1B6CA41DC2ACF900D8CABF /* Debug */ = {
			isa = XCBuildConfiguration;
			buildSettings = {
				IPHONEOS_DEPLOYMENT_TARGET = 8.0;
			};
			name = Debug;
		};
		7D1B6CA51DC2ACF900D8CABF /* Release */ = {
			isa = XCBuildConfiguration;
			buildSettings = {
				IPHONEOS_DEPLOYMENT_TARGET = 8.0;
			};
			name = Release;
		};
		7DFABB241DA8682C00322E02 /* Debug */ = {
			isa = XCBuildConfiguration;
			baseConfigurationReference = 7D46CFDF1DB6B7CC0050F612 /* Adapter.xcconfig */;
			buildSettings = {
				ALWAYS_SEARCH_USER_PATHS = NO;
				CLANG_ANALYZER_NONNULL = YES;
				CLANG_CXX_LANGUAGE_STANDARD = "gnu++0x";
				CLANG_CXX_LIBRARY = "libc++";
				CLANG_WARN_BLOCK_CAPTURE_AUTORELEASING = YES;
				CLANG_WARN_BOOL_CONVERSION = YES;
				CLANG_WARN_COMMA = YES;
				CLANG_WARN_CONSTANT_CONVERSION = YES;
				CLANG_WARN_DIRECT_OBJC_ISA_USAGE = YES_ERROR;
				CLANG_WARN_EMPTY_BODY = YES;
				CLANG_WARN_ENUM_CONVERSION = YES;
				CLANG_WARN_INFINITE_RECURSION = YES;
				CLANG_WARN_INT_CONVERSION = YES;
				CLANG_WARN_NON_LITERAL_NULL_CONVERSION = YES;
				CLANG_WARN_OBJC_LITERAL_CONVERSION = YES;
				CLANG_WARN_OBJC_ROOT_CLASS = YES_ERROR;
				CLANG_WARN_RANGE_LOOP_ANALYSIS = YES;
				CLANG_WARN_STRICT_PROTOTYPES = YES;
				CLANG_WARN_SUSPICIOUS_MOVE = YES;
				CLANG_WARN_UNREACHABLE_CODE = YES;
				CLANG_WARN__DUPLICATE_METHOD_MATCH = YES;
				"CODE_SIGN_IDENTITY[sdk=iphoneos*]" = "iPhone Developer";
				COPY_PHASE_STRIP = NO;
				DEBUG_INFORMATION_FORMAT = dwarf;
				ENABLE_STRICT_OBJC_MSGSEND = YES;
				ENABLE_TESTABILITY = YES;
				GCC_C_LANGUAGE_STANDARD = gnu99;
				GCC_DYNAMIC_NO_PIC = NO;
				GCC_NO_COMMON_BLOCKS = YES;
				GCC_OPTIMIZATION_LEVEL = 0;
				GCC_PREPROCESSOR_DEFINITIONS = (
					"DEBUG=1",
					"$(inherited)",
				);
				GCC_WARN_64_TO_32_BIT_CONVERSION = YES;
				GCC_WARN_ABOUT_RETURN_TYPE = YES_ERROR;
				GCC_WARN_UNDECLARED_SELECTOR = YES;
				GCC_WARN_UNINITIALIZED_AUTOS = YES_AGGRESSIVE;
				GCC_WARN_UNUSED_FUNCTION = YES;
				GCC_WARN_UNUSED_VARIABLE = YES;
				IPHONEOS_DEPLOYMENT_TARGET = 8.0;
				MTL_ENABLE_DEBUG_INFO = YES;
				ONLY_ACTIVE_ARCH = YES;
			};
			name = Debug;
		};
		7DFABB251DA8682C00322E02 /* Release */ = {
			isa = XCBuildConfiguration;
			baseConfigurationReference = 7D46CFDF1DB6B7CC0050F612 /* Adapter.xcconfig */;
			buildSettings = {
				ALWAYS_SEARCH_USER_PATHS = NO;
				CLANG_ANALYZER_NONNULL = YES;
				CLANG_CXX_LANGUAGE_STANDARD = "gnu++0x";
				CLANG_CXX_LIBRARY = "libc++";
				CLANG_WARN_BLOCK_CAPTURE_AUTORELEASING = YES;
				CLANG_WARN_BOOL_CONVERSION = YES;
				CLANG_WARN_COMMA = YES;
				CLANG_WARN_CONSTANT_CONVERSION = YES;
				CLANG_WARN_DIRECT_OBJC_ISA_USAGE = YES_ERROR;
				CLANG_WARN_EMPTY_BODY = YES;
				CLANG_WARN_ENUM_CONVERSION = YES;
				CLANG_WARN_INFINITE_RECURSION = YES;
				CLANG_WARN_INT_CONVERSION = YES;
				CLANG_WARN_NON_LITERAL_NULL_CONVERSION = YES;
				CLANG_WARN_OBJC_LITERAL_CONVERSION = YES;
				CLANG_WARN_OBJC_ROOT_CLASS = YES_ERROR;
				CLANG_WARN_RANGE_LOOP_ANALYSIS = YES;
				CLANG_WARN_STRICT_PROTOTYPES = YES;
				CLANG_WARN_SUSPICIOUS_MOVE = YES;
				CLANG_WARN_UNREACHABLE_CODE = YES;
				CLANG_WARN__DUPLICATE_METHOD_MATCH = YES;
				"CODE_SIGN_IDENTITY[sdk=iphoneos*]" = "iPhone Developer";
				COPY_PHASE_STRIP = NO;
				DEBUG_INFORMATION_FORMAT = "dwarf-with-dsym";
				ENABLE_NS_ASSERTIONS = NO;
				ENABLE_STRICT_OBJC_MSGSEND = YES;
				GCC_C_LANGUAGE_STANDARD = gnu99;
				GCC_NO_COMMON_BLOCKS = YES;
				GCC_WARN_64_TO_32_BIT_CONVERSION = YES;
				GCC_WARN_ABOUT_RETURN_TYPE = YES_ERROR;
				GCC_WARN_UNDECLARED_SELECTOR = YES;
				GCC_WARN_UNINITIALIZED_AUTOS = YES_AGGRESSIVE;
				GCC_WARN_UNUSED_FUNCTION = YES;
				GCC_WARN_UNUSED_VARIABLE = YES;
				IPHONEOS_DEPLOYMENT_TARGET = 8.0;
				MTL_ENABLE_DEBUG_INFO = NO;
				VALIDATE_PRODUCT = YES;
			};
			name = Release;
		};
		7DFABB271DA8682C00322E02 /* Debug */ = {
			isa = XCBuildConfiguration;
			buildSettings = {
				FRAMEWORK_SEARCH_PATHS = (
					"$(inherited)",
					"$(PROJECT_DIR)",
				);
				IPHONEOS_DEPLOYMENT_TARGET = 8.0;
				SKIP_INSTALL = YES;
			};
			name = Debug;
		};
		7DFABB281DA8682C00322E02 /* Release */ = {
			isa = XCBuildConfiguration;
			buildSettings = {
				FRAMEWORK_SEARCH_PATHS = (
					"$(inherited)",
					"$(PROJECT_DIR)",
				);
				IPHONEOS_DEPLOYMENT_TARGET = 8.0;
				SKIP_INSTALL = YES;
			};
			name = Release;
		};
		7DFABB551DA86A1100322E02 /* Debug */ = {
			isa = XCBuildConfiguration;
			buildSettings = {
				IPHONEOS_DEPLOYMENT_TARGET = 8.0;
			};
			name = Debug;
		};
		7DFABB561DA86A1100322E02 /* Release */ = {
			isa = XCBuildConfiguration;
			buildSettings = {
				IPHONEOS_DEPLOYMENT_TARGET = 8.0;
			};
			name = Release;
		};
/* End XCBuildConfiguration section */

/* Begin XCConfigurationList section */
		7D1B6CA31DC2ACF900D8CABF /* Build configuration list for PBXAggregateTarget "Framework" */ = {
			isa = XCConfigurationList;
			buildConfigurations = (
				7D1B6CA41DC2ACF900D8CABF /* Debug */,
				7D1B6CA51DC2ACF900D8CABF /* Release */,
			);
			defaultConfigurationIsVisible = 0;
			defaultConfigurationName = Release;
		};
		7DFABB181DA8682C00322E02 /* Build configuration list for PBXProject "DuAdAdapter" */ = {
			isa = XCConfigurationList;
			buildConfigurations = (
				7DFABB241DA8682C00322E02 /* Debug */,
				7DFABB251DA8682C00322E02 /* Release */,
			);
			defaultConfigurationIsVisible = 0;
			defaultConfigurationName = Release;
		};
		7DFABB261DA8682C00322E02 /* Build configuration list for PBXNativeTarget "Adapter" */ = {
			isa = XCConfigurationList;
			buildConfigurations = (
				7DFABB271DA8682C00322E02 /* Debug */,
				7DFABB281DA8682C00322E02 /* Release */,
			);
			defaultConfigurationIsVisible = 0;
			defaultConfigurationName = Release;
		};
		7DFABB541DA86A1100322E02 /* Build configuration list for PBXAggregateTarget "FatAdapter" */ = {
			isa = XCConfigurationList;
			buildConfigurations = (
				7DFABB551DA86A1100322E02 /* Debug */,
				7DFABB561DA86A1100322E02 /* Release */,
			);
			defaultConfigurationIsVisible = 0;
			defaultConfigurationName = Release;
		};
/* End XCConfigurationList section */
	};
	rootObject = 7DFABB151DA8682C00322E02 /* Project object */;
}
