// !$*UTF8*$!
{
	archiveVersion = 1;
	classes = {
	};
	objectVersion = 46;
	objects = {

/* Begin PBXAggregateTarget section */
		7D1B6CA21DC2ACF900D8CABF /* Framework */ = {
			isa = PBXAggregateTarget;
			buildConfigurationList = 7D1B6CA31DC2ACF900D8CABF /* Build configuration list for PBXAggregateTarget "Framework" */;
			buildPhases = (
				7D1B6CA61DC2AD7700D8CABF /* Framework Script */,
			);
			dependencies = (
			);
			name = Framework;
			productName = Framework;
		};
		7DFABB531DA86A1100322E02 /* FatAdapter */ = {
			isa = PBXAggregateTarget;
			buildConfigurationList = 7DFABB541DA86A1100322E02 /* Build configuration list for PBXAggregateTarget "FatAdapter" */;
			buildPhases = (
				7DFABB571DA86A4100322E02 /* Static Library Script */,
			);
			dependencies = (
			);
			name = FatAdapter;
			productName = FatAdapter;
		};
/* End PBXAggregateTarget section */

/* Begin PBXBuildFile section */
		1D4C081E20192BAF00B1876F /* GADMAdapterAppLovin.m in Sources */ = {isa = PBXBuildFile; fileRef = 1D4C081320192BAF00B1876F /* GADMAdapterAppLovin.m */; };
		1D4C081F20192BAF00B1876F /* GADMAdapterAppLovinExtras.m in Sources */ = {isa = PBXBuildFile; fileRef = 1D4C081420192BAF00B1876F /* GADMAdapterAppLovinExtras.m */; };
		1D4C082020192BAF00B1876F /* GADMAdapterAppLovinUtils.m in Sources */ = {isa = PBXBuildFile; fileRef = 1D4C081520192BAF00B1876F /* GADMAdapterAppLovinUtils.m */; };
		1D4C082120192BAF00B1876F /* GADMAdapterAppLovinRewardBasedVideoAd.h in Headers */ = {isa = PBXBuildFile; fileRef = 1D4C081620192BAF00B1876F /* GADMAdapterAppLovinRewardBasedVideoAd.h */; };
		1D4C082220192BAF00B1876F /* GADMAdapterAppLovinConstant.h in Headers */ = {isa = PBXBuildFile; fileRef = 1D4C081720192BAF00B1876F /* GADMAdapterAppLovinConstant.h */; };
		1D4C082320192BAF00B1876F /* GADMAdapterAppLovinConstant.m in Sources */ = {isa = PBXBuildFile; fileRef = 1D4C081820192BAF00B1876F /* GADMAdapterAppLovinConstant.m */; };
		1D4C082520192BAF00B1876F /* GADMAdapterAppLovin.h in Headers */ = {isa = PBXBuildFile; fileRef = 1D4C081A20192BAF00B1876F /* GADMAdapterAppLovin.h */; };
		1D4C082620192BAF00B1876F /* GADMAdapterAppLovinRewardBasedVideoAd.m in Sources */ = {isa = PBXBuildFile; fileRef = 1D4C081B20192BAF00B1876F /* GADMAdapterAppLovinRewardBasedVideoAd.m */; };
		1D4C082720192BAF00B1876F /* GADMAdapterAppLovinUtils.h in Headers */ = {isa = PBXBuildFile; fileRef = 1D4C081C20192BAF00B1876F /* GADMAdapterAppLovinUtils.h */; };
		359ADFA01EFDBDA600E2DBFE /* AppLovinAdapter.h in Headers */ = {isa = PBXBuildFile; fileRef = 359ADF9F1EFDBDA600E2DBFE /* AppLovinAdapter.h */; settings = {ATTRIBUTES = (Public, ); }; };
		455AD22320CA0EFF009FDF47 /* GADMAdapterAppLovinNative.h in Headers */ = {isa = PBXBuildFile; fileRef = 455AD21C20CA0EFF009FDF47 /* GADMAdapterAppLovinNative.h */; };
		455AD22420CA0EFF009FDF47 /* GADMAppLovinExtraAssets.m in Sources */ = {isa = PBXBuildFile; fileRef = 455AD21D20CA0EFF009FDF47 /* GADMAppLovinExtraAssets.m */; };
		455AD22520CA0EFF009FDF47 /* GADMAppLovinMediatedNativeAppInstallAd.m in Sources */ = {isa = PBXBuildFile; fileRef = 455AD21E20CA0EFF009FDF47 /* GADMAppLovinMediatedNativeAppInstallAd.m */; };
		455AD22620CA0EFF009FDF47 /* GADMAppLovinMediatedNativeUnifiedAd.m in Sources */ = {isa = PBXBuildFile; fileRef = 455AD21F20CA0EFF009FDF47 /* GADMAppLovinMediatedNativeUnifiedAd.m */; };
		455AD22720CA0EFF009FDF47 /* GADMAppLovinMediatedNativeAppInstallAd.h in Headers */ = {isa = PBXBuildFile; fileRef = 455AD22020CA0EFF009FDF47 /* GADMAppLovinMediatedNativeAppInstallAd.h */; };
		455AD22820CA0EFF009FDF47 /* GADMAppLovinMediatedNativeUnifiedAd.h in Headers */ = {isa = PBXBuildFile; fileRef = 455AD22120CA0EFF009FDF47 /* GADMAppLovinMediatedNativeUnifiedAd.h */; };
		455AD22920CA0EFF009FDF47 /* GADMAdapterAppLovinNative.m in Sources */ = {isa = PBXBuildFile; fileRef = 455AD22220CA0EFF009FDF47 /* GADMAdapterAppLovinNative.m */; };
		455AD22B20CA0F93009FDF47 /* GADMAppLovinExtraAssets.h in Headers */ = {isa = PBXBuildFile; fileRef = 455AD22A20CA0F93009FDF47 /* GADMAppLovinExtraAssets.h */; settings = {ATTRIBUTES = (Public, ); }; };
		45BFFBCD2228ADE100C96A67 /* GADMediationAdapterAppLovin.h in Headers */ = {isa = PBXBuildFile; fileRef = 45BFFBCB2228ADE100C96A67 /* GADMediationAdapterAppLovin.h */; };
		45BFFBCE2228ADE100C96A67 /* GADMediationAdapterAppLovin.m in Sources */ = {isa = PBXBuildFile; fileRef = 45BFFBCC2228ADE100C96A67 /* GADMediationAdapterAppLovin.m */; };
		45BFFBD22228AE3D00C96A67 /* GADMAdapterAppLovinRewardedRenderer.h in Headers */ = {isa = PBXBuildFile; fileRef = 45BFFBD02228AE3D00C96A67 /* GADMAdapterAppLovinRewardedRenderer.h */; };
		45BFFBD32228AE3D00C96A67 /* GADMAdapterAppLovinRewardedRenderer.m in Sources */ = {isa = PBXBuildFile; fileRef = 45BFFBD12228AE3D00C96A67 /* GADMAdapterAppLovinRewardedRenderer.m */; };
		45BFFBD62228AE6A00C96A67 /* GADMRTBAdapterAppLovinBannerRenderer.h in Headers */ = {isa = PBXBuildFile; fileRef = 45BFFBD42228AE6A00C96A67 /* GADMRTBAdapterAppLovinBannerRenderer.h */; };
		45BFFBD72228AE6A00C96A67 /* GADMRTBAdapterAppLovinBannerRenderer.m in Sources */ = {isa = PBXBuildFile; fileRef = 45BFFBD52228AE6A00C96A67 /* GADMRTBAdapterAppLovinBannerRenderer.m */; };
		45BFFBDA2228AE8900C96A67 /* GADMRTBAdapterAppLovinInterstitialRenderer.h in Headers */ = {isa = PBXBuildFile; fileRef = 45BFFBD82228AE8900C96A67 /* GADMRTBAdapterAppLovinInterstitialRenderer.h */; };
		45BFFBDB2228AE8900C96A67 /* GADMRTBAdapterAppLovinInterstitialRenderer.m in Sources */ = {isa = PBXBuildFile; fileRef = 45BFFBD92228AE8900C96A67 /* GADMRTBAdapterAppLovinInterstitialRenderer.m */; };
		B3F32F721F4CDF09006FD441 /* GADMAdapterAppLovinExtras.h in Headers */ = {isa = PBXBuildFile; fileRef = B3F32F711F4CDF09006FD441 /* GADMAdapterAppLovinExtras.h */; settings = {ATTRIBUTES = (Public, ); }; };
/* End PBXBuildFile section */

/* Begin PBXCopyFilesBuildPhase section */
		7DFABB1B1DA8682C00322E02 /* CopyFiles */ = {
			isa = PBXCopyFilesBuildPhase;
			buildActionMask = 12;
			dstPath = "include/$(PRODUCT_NAME)";
			dstSubfolderSpec = 16;
			files = (
			);
			runOnlyForDeploymentPostprocessing = 0;
		};
/* End PBXCopyFilesBuildPhase section */

/* Begin PBXFileReference section */
		1D4C081320192BAF00B1876F /* GADMAdapterAppLovin.m */ = {isa = PBXFileReference; fileEncoding = 4; lastKnownFileType = sourcecode.c.objc; path = GADMAdapterAppLovin.m; sourceTree = "<group>"; };
		1D4C081420192BAF00B1876F /* GADMAdapterAppLovinExtras.m */ = {isa = PBXFileReference; fileEncoding = 4; lastKnownFileType = sourcecode.c.objc; path = GADMAdapterAppLovinExtras.m; sourceTree = "<group>"; };
		1D4C081520192BAF00B1876F /* GADMAdapterAppLovinUtils.m */ = {isa = PBXFileReference; fileEncoding = 4; lastKnownFileType = sourcecode.c.objc; path = GADMAdapterAppLovinUtils.m; sourceTree = "<group>"; };
		1D4C081620192BAF00B1876F /* GADMAdapterAppLovinRewardBasedVideoAd.h */ = {isa = PBXFileReference; fileEncoding = 4; lastKnownFileType = sourcecode.c.h; path = GADMAdapterAppLovinRewardBasedVideoAd.h; sourceTree = "<group>"; };
		1D4C081720192BAF00B1876F /* GADMAdapterAppLovinConstant.h */ = {isa = PBXFileReference; fileEncoding = 4; lastKnownFileType = sourcecode.c.h; path = GADMAdapterAppLovinConstant.h; sourceTree = "<group>"; };
		1D4C081820192BAF00B1876F /* GADMAdapterAppLovinConstant.m */ = {isa = PBXFileReference; fileEncoding = 4; lastKnownFileType = sourcecode.c.objc; path = GADMAdapterAppLovinConstant.m; sourceTree = "<group>"; };
		1D4C081A20192BAF00B1876F /* GADMAdapterAppLovin.h */ = {isa = PBXFileReference; fileEncoding = 4; lastKnownFileType = sourcecode.c.h; path = GADMAdapterAppLovin.h; sourceTree = "<group>"; };
		1D4C081B20192BAF00B1876F /* GADMAdapterAppLovinRewardBasedVideoAd.m */ = {isa = PBXFileReference; fileEncoding = 4; lastKnownFileType = sourcecode.c.objc; path = GADMAdapterAppLovinRewardBasedVideoAd.m; sourceTree = "<group>"; };
		1D4C081C20192BAF00B1876F /* GADMAdapterAppLovinUtils.h */ = {isa = PBXFileReference; fileEncoding = 4; lastKnownFileType = sourcecode.c.h; path = GADMAdapterAppLovinUtils.h; sourceTree = "<group>"; };
		359ADF9C1EFDA83600E2DBFE /* CHANGELOG.md */ = {isa = PBXFileReference; fileEncoding = 4; lastKnownFileType = net.daringfireball.markdown; path = CHANGELOG.md; sourceTree = "<group>"; };
		359ADF9F1EFDBDA600E2DBFE /* AppLovinAdapter.h */ = {isa = PBXFileReference; fileEncoding = 4; lastKnownFileType = sourcecode.c.h; path = AppLovinAdapter.h; sourceTree = "<group>"; };
		359ADFA11EFDBDC900E2DBFE /* module.modulemap */ = {isa = PBXFileReference; fileEncoding = 4; lastKnownFileType = "sourcecode.module-map"; path = module.modulemap; sourceTree = "<group>"; };
		359ADFA21EFDBDEB00E2DBFE /* README.md */ = {isa = PBXFileReference; fileEncoding = 4; lastKnownFileType = net.daringfireball.markdown; path = README.md; sourceTree = "<group>"; };
		455AD21C20CA0EFF009FDF47 /* GADMAdapterAppLovinNative.h */ = {isa = PBXFileReference; fileEncoding = 4; lastKnownFileType = sourcecode.c.h; path = GADMAdapterAppLovinNative.h; sourceTree = "<group>"; };
		455AD21D20CA0EFF009FDF47 /* GADMAppLovinExtraAssets.m */ = {isa = PBXFileReference; fileEncoding = 4; lastKnownFileType = sourcecode.c.objc; path = GADMAppLovinExtraAssets.m; sourceTree = "<group>"; };
		455AD21E20CA0EFF009FDF47 /* GADMAppLovinMediatedNativeAppInstallAd.m */ = {isa = PBXFileReference; fileEncoding = 4; lastKnownFileType = sourcecode.c.objc; path = GADMAppLovinMediatedNativeAppInstallAd.m; sourceTree = "<group>"; };
		455AD21F20CA0EFF009FDF47 /* GADMAppLovinMediatedNativeUnifiedAd.m */ = {isa = PBXFileReference; fileEncoding = 4; lastKnownFileType = sourcecode.c.objc; path = GADMAppLovinMediatedNativeUnifiedAd.m; sourceTree = "<group>"; };
		455AD22020CA0EFF009FDF47 /* GADMAppLovinMediatedNativeAppInstallAd.h */ = {isa = PBXFileReference; fileEncoding = 4; lastKnownFileType = sourcecode.c.h; path = GADMAppLovinMediatedNativeAppInstallAd.h; sourceTree = "<group>"; };
		455AD22120CA0EFF009FDF47 /* GADMAppLovinMediatedNativeUnifiedAd.h */ = {isa = PBXFileReference; fileEncoding = 4; lastKnownFileType = sourcecode.c.h; path = GADMAppLovinMediatedNativeUnifiedAd.h; sourceTree = "<group>"; };
		455AD22220CA0EFF009FDF47 /* GADMAdapterAppLovinNative.m */ = {isa = PBXFileReference; fileEncoding = 4; lastKnownFileType = sourcecode.c.objc; path = GADMAdapterAppLovinNative.m; sourceTree = "<group>"; };
		455AD22A20CA0F93009FDF47 /* GADMAppLovinExtraAssets.h */ = {isa = PBXFileReference; fileEncoding = 4; lastKnownFileType = sourcecode.c.h; path = GADMAppLovinExtraAssets.h; sourceTree = "<group>"; };
		45BFFBCB2228ADE100C96A67 /* GADMediationAdapterAppLovin.h */ = {isa = PBXFileReference; lastKnownFileType = sourcecode.c.h; path = GADMediationAdapterAppLovin.h; sourceTree = "<group>"; };
		45BFFBCC2228ADE100C96A67 /* GADMediationAdapterAppLovin.m */ = {isa = PBXFileReference; lastKnownFileType = sourcecode.c.objc; path = GADMediationAdapterAppLovin.m; sourceTree = "<group>"; };
		45BFFBD02228AE3D00C96A67 /* GADMAdapterAppLovinRewardedRenderer.h */ = {isa = PBXFileReference; lastKnownFileType = sourcecode.c.h; path = GADMAdapterAppLovinRewardedRenderer.h; sourceTree = "<group>"; };
		45BFFBD12228AE3D00C96A67 /* GADMAdapterAppLovinRewardedRenderer.m */ = {isa = PBXFileReference; lastKnownFileType = sourcecode.c.objc; path = GADMAdapterAppLovinRewardedRenderer.m; sourceTree = "<group>"; };
		45BFFBD42228AE6A00C96A67 /* GADMRTBAdapterAppLovinBannerRenderer.h */ = {isa = PBXFileReference; lastKnownFileType = sourcecode.c.h; path = GADMRTBAdapterAppLovinBannerRenderer.h; sourceTree = "<group>"; };
		45BFFBD52228AE6A00C96A67 /* GADMRTBAdapterAppLovinBannerRenderer.m */ = {isa = PBXFileReference; lastKnownFileType = sourcecode.c.objc; path = GADMRTBAdapterAppLovinBannerRenderer.m; sourceTree = "<group>"; };
		45BFFBD82228AE8900C96A67 /* GADMRTBAdapterAppLovinInterstitialRenderer.h */ = {isa = PBXFileReference; lastKnownFileType = sourcecode.c.h; path = GADMRTBAdapterAppLovinInterstitialRenderer.h; sourceTree = "<group>"; };
		45BFFBD92228AE8900C96A67 /* GADMRTBAdapterAppLovinInterstitialRenderer.m */ = {isa = PBXFileReference; lastKnownFileType = sourcecode.c.objc; path = GADMRTBAdapterAppLovinInterstitialRenderer.m; sourceTree = "<group>"; };
		7D46CFDF1DB6B7CC0050F612 /* Adapter.xcconfig */ = {isa = PBXFileReference; lastKnownFileType = text.xcconfig; path = Adapter.xcconfig; sourceTree = "<group>"; };
		7D6A68A31DB7ED230001E48B /* Debug.xcconfig */ = {isa = PBXFileReference; lastKnownFileType = text.xcconfig; path = Debug.xcconfig; sourceTree = "<group>"; };
		7D6A68A41DB7ED310001E48B /* Release.xcconfig */ = {isa = PBXFileReference; lastKnownFileType = text.xcconfig; path = Release.xcconfig; sourceTree = "<group>"; };
		7D9552B11DC006E5005DCE8D /* Script_Framework.sh */ = {isa = PBXFileReference; lastKnownFileType = text.script.sh; path = Script_Framework.sh; sourceTree = "<group>"; };
		7D9552B21DC006E5005DCE8D /* Script_Library.sh */ = {isa = PBXFileReference; lastKnownFileType = text.script.sh; path = Script_Library.sh; sourceTree = "<group>"; };
		7DE821BF1DB04B5000AA08CF /* README.md */ = {isa = PBXFileReference; fileEncoding = 4; lastKnownFileType = net.daringfireball.markdown; path = README.md; sourceTree = "<group>"; };
		7DFABB1D1DA8682C00322E02 /* libAdapter.a */ = {isa = PBXFileReference; explicitFileType = archive.ar; includeInIndex = 0; path = libAdapter.a; sourceTree = BUILT_PRODUCTS_DIR; };
		B3F32F711F4CDF09006FD441 /* GADMAdapterAppLovinExtras.h */ = {isa = PBXFileReference; fileEncoding = 4; lastKnownFileType = sourcecode.c.h; path = GADMAdapterAppLovinExtras.h; sourceTree = "<group>"; };
/* End PBXFileReference section */

/* Begin PBXFrameworksBuildPhase section */
		7DFABB1A1DA8682C00322E02 /* Frameworks */ = {
			isa = PBXFrameworksBuildPhase;
			buildActionMask = 2147483647;
			files = (
			);
			runOnlyForDeploymentPostprocessing = 0;
		};
/* End PBXFrameworksBuildPhase section */

/* Begin PBXGroup section */
		359ADF951EFDA7C000E2DBFE /* Public */ = {
			isa = PBXGroup;
			children = (
				359ADF971EFDA7D900E2DBFE /* Headers */,
				359ADFA11EFDBDC900E2DBFE /* module.modulemap */,
			);
			path = Public;
			sourceTree = "<group>";
		};
		359ADF971EFDA7D900E2DBFE /* Headers */ = {
			isa = PBXGroup;
			children = (
				455AD22A20CA0F93009FDF47 /* GADMAppLovinExtraAssets.h */,
				B3F32F711F4CDF09006FD441 /* GADMAdapterAppLovinExtras.h */,
				359ADF9F1EFDBDA600E2DBFE /* AppLovinAdapter.h */,
			);
			path = Headers;
			sourceTree = "<group>";
		};
		45BFFBCF2228AE2200C96A67 /* OpenBidding */ = {
			isa = PBXGroup;
			children = (
				45BFFBD02228AE3D00C96A67 /* GADMAdapterAppLovinRewardedRenderer.h */,
				45BFFBD12228AE3D00C96A67 /* GADMAdapterAppLovinRewardedRenderer.m */,
				45BFFBD42228AE6A00C96A67 /* GADMRTBAdapterAppLovinBannerRenderer.h */,
				45BFFBD52228AE6A00C96A67 /* GADMRTBAdapterAppLovinBannerRenderer.m */,
				45BFFBD82228AE8900C96A67 /* GADMRTBAdapterAppLovinInterstitialRenderer.h */,
				45BFFBD92228AE8900C96A67 /* GADMRTBAdapterAppLovinInterstitialRenderer.m */,
			);
			path = OpenBidding;
			sourceTree = "<group>";
		};
		7D46CFDE1DB6B76E0050F612 /* Configuration */ = {
			isa = PBXGroup;
			children = (
				7D46CFDF1DB6B7CC0050F612 /* Adapter.xcconfig */,
				7D6A68A31DB7ED230001E48B /* Debug.xcconfig */,
				7D6A68A41DB7ED310001E48B /* Release.xcconfig */,
			);
			path = Configuration;
			sourceTree = "<group>";
		};
		7D72B8C11DB97C10006EAE11 /* AppLovinAdapter */ = {
			isa = PBXGroup;
			children = (
				45BFFBCB2228ADE100C96A67 /* GADMediationAdapterAppLovin.h */,
				45BFFBCC2228ADE100C96A67 /* GADMediationAdapterAppLovin.m */,
				45BFFBCF2228AE2200C96A67 /* OpenBidding */,
				1D4C081A20192BAF00B1876F /* GADMAdapterAppLovin.h */,
				1D4C081320192BAF00B1876F /* GADMAdapterAppLovin.m */,
				1D4C081720192BAF00B1876F /* GADMAdapterAppLovinConstant.h */,
				1D4C081820192BAF00B1876F /* GADMAdapterAppLovinConstant.m */,
				1D4C081620192BAF00B1876F /* GADMAdapterAppLovinRewardBasedVideoAd.h */,
				1D4C081B20192BAF00B1876F /* GADMAdapterAppLovinRewardBasedVideoAd.m */,
				1D4C081420192BAF00B1876F /* GADMAdapterAppLovinExtras.m */,
				455AD21C20CA0EFF009FDF47 /* GADMAdapterAppLovinNative.h */,
				455AD22220CA0EFF009FDF47 /* GADMAdapterAppLovinNative.m */,
				1D4C081C20192BAF00B1876F /* GADMAdapterAppLovinUtils.h */,
				1D4C081520192BAF00B1876F /* GADMAdapterAppLovinUtils.m */,
				455AD21D20CA0EFF009FDF47 /* GADMAppLovinExtraAssets.m */,
				455AD22020CA0EFF009FDF47 /* GADMAppLovinMediatedNativeAppInstallAd.h */,
				455AD21E20CA0EFF009FDF47 /* GADMAppLovinMediatedNativeAppInstallAd.m */,
				455AD22120CA0EFF009FDF47 /* GADMAppLovinMediatedNativeUnifiedAd.h */,
				455AD21F20CA0EFF009FDF47 /* GADMAppLovinMediatedNativeUnifiedAd.m */,
			);
			path = AppLovinAdapter;
			sourceTree = "<group>";
		};
		7DE821BD1DB04B5000AA08CF /* BuildScript */ = {
			isa = PBXGroup;
			children = (
				359ADFA21EFDBDEB00E2DBFE /* README.md */,
				7D9552B21DC006E5005DCE8D /* Script_Library.sh */,
				7D9552B11DC006E5005DCE8D /* Script_Framework.sh */,
			);
			path = BuildScript;
			sourceTree = "<group>";
		};
		7DFABB141DA8682C00322E02 = {
			isa = PBXGroup;
			children = (
				7DE821BF1DB04B5000AA08CF /* README.md */,
				359ADF9C1EFDA83600E2DBFE /* CHANGELOG.md */,
				7D72B8C11DB97C10006EAE11 /* AppLovinAdapter */,
				359ADF951EFDA7C000E2DBFE /* Public */,
				7DE821BD1DB04B5000AA08CF /* BuildScript */,
				7D46CFDE1DB6B76E0050F612 /* Configuration */,
				7DFABB1E1DA8682C00322E02 /* Products */,
			);
			sourceTree = "<group>";
		};
		7DFABB1E1DA8682C00322E02 /* Products */ = {
			isa = PBXGroup;
			children = (
				7DFABB1D1DA8682C00322E02 /* libAdapter.a */,
			);
			name = Products;
			sourceTree = "<group>";
		};
/* End PBXGroup section */

/* Begin PBXHeadersBuildPhase section */
		7DFABB4C1DA8699700322E02 /* Headers */ = {
			isa = PBXHeadersBuildPhase;
			buildActionMask = 2147483647;
			files = (
				455AD22820CA0EFF009FDF47 /* GADMAppLovinMediatedNativeUnifiedAd.h in Headers */,
				1D4C082220192BAF00B1876F /* GADMAdapterAppLovinConstant.h in Headers */,
				45BFFBD62228AE6A00C96A67 /* GADMRTBAdapterAppLovinBannerRenderer.h in Headers */,
				1D4C082120192BAF00B1876F /* GADMAdapterAppLovinRewardBasedVideoAd.h in Headers */,
				1D4C082520192BAF00B1876F /* GADMAdapterAppLovin.h in Headers */,
				455AD22320CA0EFF009FDF47 /* GADMAdapterAppLovinNative.h in Headers */,
				359ADFA01EFDBDA600E2DBFE /* AppLovinAdapter.h in Headers */,
				455AD22B20CA0F93009FDF47 /* GADMAppLovinExtraAssets.h in Headers */,
				45BFFBDA2228AE8900C96A67 /* GADMRTBAdapterAppLovinInterstitialRenderer.h in Headers */,
				1D4C082720192BAF00B1876F /* GADMAdapterAppLovinUtils.h in Headers */,
				45BFFBD22228AE3D00C96A67 /* GADMAdapterAppLovinRewardedRenderer.h in Headers */,
				B3F32F721F4CDF09006FD441 /* GADMAdapterAppLovinExtras.h in Headers */,
				455AD22720CA0EFF009FDF47 /* GADMAppLovinMediatedNativeAppInstallAd.h in Headers */,
				45BFFBCD2228ADE100C96A67 /* GADMediationAdapterAppLovin.h in Headers */,
			);
			runOnlyForDeploymentPostprocessing = 0;
		};
/* End PBXHeadersBuildPhase section */

/* Begin PBXNativeTarget section */
		7DFABB1C1DA8682C00322E02 /* Adapter */ = {
			isa = PBXNativeTarget;
			buildConfigurationList = 7DFABB261DA8682C00322E02 /* Build configuration list for PBXNativeTarget "Adapter" */;
			buildPhases = (
				7DFABB191DA8682C00322E02 /* Sources */,
				7DFABB1A1DA8682C00322E02 /* Frameworks */,
				7DFABB1B1DA8682C00322E02 /* CopyFiles */,
				7DFABB4C1DA8699700322E02 /* Headers */,
			);
			buildRules = (
			);
			dependencies = (
			);
			name = Adapter;
			productName = Adapter;
			productReference = 7DFABB1D1DA8682C00322E02 /* libAdapter.a */;
			productType = "com.apple.product-type.library.static";
		};
/* End PBXNativeTarget section */

/* Begin PBXProject section */
		7DFABB151DA8682C00322E02 /* Project object */ = {
			isa = PBXProject;
			attributes = {
				LastUpgradeCheck = 0800;
				ORGANIZATIONNAME = Google;
				TargetAttributes = {
					7D1B6CA21DC2ACF900D8CABF = {
						CreatedOnToolsVersion = 7.3.1;
					};
					7DFABB1C1DA8682C00322E02 = {
						CreatedOnToolsVersion = 7.3.1;
					};
					7DFABB531DA86A1100322E02 = {
						CreatedOnToolsVersion = 7.3.1;
					};
				};
			};
			buildConfigurationList = 7DFABB181DA8682C00322E02 /* Build configuration list for PBXProject "AppLovinAdapter" */;
			compatibilityVersion = "Xcode 3.2";
			developmentRegion = English;
			hasScannedForEncodings = 0;
			knownRegions = (
				en,
			);
			mainGroup = 7DFABB141DA8682C00322E02;
			productRefGroup = 7DFABB1E1DA8682C00322E02 /* Products */;
			projectDirPath = "";
			projectRoot = "";
			targets = (
				7DFABB1C1DA8682C00322E02 /* Adapter */,
				7DFABB531DA86A1100322E02 /* FatAdapter */,
				7D1B6CA21DC2ACF900D8CABF /* Framework */,
			);
		};
/* End PBXProject section */

/* Begin PBXShellScriptBuildPhase section */
		7D1B6CA61DC2AD7700D8CABF /* Framework Script */ = {
			isa = PBXShellScriptBuildPhase;
			buildActionMask = 2147483647;
			files = (
			);
			inputPaths = (
			);
			name = "Framework Script";
			outputPaths = (
			);
			runOnlyForDeploymentPostprocessing = 0;
			shellPath = /bin/sh;
			shellScript = "\"${SRCROOT}/BuildScript/Script_Framework.sh\"";
		};
		7DFABB571DA86A4100322E02 /* Static Library Script */ = {
			isa = PBXShellScriptBuildPhase;
			buildActionMask = 2147483647;
			files = (
			);
			inputPaths = (
			);
			name = "Static Library Script";
			outputPaths = (
			);
			runOnlyForDeploymentPostprocessing = 0;
			shellPath = /bin/sh;
			shellScript = "\"${SRCROOT}/BuildScript/Script_Library.sh\"";
		};
/* End PBXShellScriptBuildPhase section */

/* Begin PBXSourcesBuildPhase section */
		7DFABB191DA8682C00322E02 /* Sources */ = {
			isa = PBXSourcesBuildPhase;
			buildActionMask = 2147483647;
			files = (
				1D4C081F20192BAF00B1876F /* GADMAdapterAppLovinExtras.m in Sources */,
				1D4C082020192BAF00B1876F /* GADMAdapterAppLovinUtils.m in Sources */,
				455AD22420CA0EFF009FDF47 /* GADMAppLovinExtraAssets.m in Sources */,
				1D4C082320192BAF00B1876F /* GADMAdapterAppLovinConstant.m in Sources */,
				45BFFBD32228AE3D00C96A67 /* GADMAdapterAppLovinRewardedRenderer.m in Sources */,
				455AD22920CA0EFF009FDF47 /* GADMAdapterAppLovinNative.m in Sources */,
				455AD22620CA0EFF009FDF47 /* GADMAppLovinMediatedNativeUnifiedAd.m in Sources */,
				45BFFBD72228AE6A00C96A67 /* GADMRTBAdapterAppLovinBannerRenderer.m in Sources */,
				45BFFBCE2228ADE100C96A67 /* GADMediationAdapterAppLovin.m in Sources */,
				1D4C082620192BAF00B1876F /* GADMAdapterAppLovinRewardBasedVideoAd.m in Sources */,
				455AD22520CA0EFF009FDF47 /* GADMAppLovinMediatedNativeAppInstallAd.m in Sources */,
				1D4C081E20192BAF00B1876F /* GADMAdapterAppLovin.m in Sources */,
				45BFFBDB2228AE8900C96A67 /* GADMRTBAdapterAppLovinInterstitialRenderer.m in Sources */,
			);
			runOnlyForDeploymentPostprocessing = 0;
		};
/* End PBXSourcesBuildPhase section */

/* Begin XCBuildConfiguration section */
		7D1B6CA41DC2ACF900D8CABF /* Debug */ = {
			isa = XCBuildConfiguration;
			buildSettings = {
				IPHONEOS_DEPLOYMENT_TARGET = 7.0;
			};
			name = Debug;
		};
		7D1B6CA51DC2ACF900D8CABF /* Release */ = {
			isa = XCBuildConfiguration;
			buildSettings = {
				IPHONEOS_DEPLOYMENT_TARGET = 7.0;
			};
			name = Release;
		};
		7DFABB241DA8682C00322E02 /* Debug */ = {
			isa = XCBuildConfiguration;
			baseConfigurationReference = 7D46CFDF1DB6B7CC0050F612 /* Adapter.xcconfig */;
			buildSettings = {
				ALWAYS_SEARCH_USER_PATHS = NO;
				CLANG_ANALYZER_NONNULL = YES;
				CLANG_CXX_LANGUAGE_STANDARD = "gnu++0x";
				CLANG_CXX_LIBRARY = "libc++";
				CLANG_WARN_BOOL_CONVERSION = YES;
				CLANG_WARN_CONSTANT_CONVERSION = YES;
				CLANG_WARN_DIRECT_OBJC_ISA_USAGE = YES_ERROR;
				CLANG_WARN_EMPTY_BODY = YES;
				CLANG_WARN_ENUM_CONVERSION = YES;
				CLANG_WARN_INFINITE_RECURSION = YES;
				CLANG_WARN_INT_CONVERSION = YES;
				CLANG_WARN_OBJC_ROOT_CLASS = YES_ERROR;
				CLANG_WARN_SUSPICIOUS_MOVE = YES;
				CLANG_WARN_UNREACHABLE_CODE = YES;
				CLANG_WARN__DUPLICATE_METHOD_MATCH = YES;
				"CODE_SIGN_IDENTITY[sdk=iphoneos*]" = "iPhone Developer";
				COPY_PHASE_STRIP = NO;
				DEBUG_INFORMATION_FORMAT = dwarf;
				ENABLE_STRICT_OBJC_MSGSEND = YES;
				ENABLE_TESTABILITY = YES;
				GCC_C_LANGUAGE_STANDARD = gnu99;
				GCC_DYNAMIC_NO_PIC = NO;
				GCC_NO_COMMON_BLOCKS = YES;
				GCC_OPTIMIZATION_LEVEL = 0;
				GCC_PREPROCESSOR_DEFINITIONS = (
					"DEBUG=1",
					"$(inherited)",
				);
				GCC_WARN_64_TO_32_BIT_CONVERSION = YES;
				GCC_WARN_ABOUT_RETURN_TYPE = YES_ERROR;
				GCC_WARN_UNDECLARED_SELECTOR = YES;
				GCC_WARN_UNINITIALIZED_AUTOS = YES_AGGRESSIVE;
				GCC_WARN_UNUSED_FUNCTION = YES;
				GCC_WARN_UNUSED_VARIABLE = YES;
				MTL_ENABLE_DEBUG_INFO = YES;
			};
			name = Debug;
		};
		7DFABB251DA8682C00322E02 /* Release */ = {
			isa = XCBuildConfiguration;
			baseConfigurationReference = 7D46CFDF1DB6B7CC0050F612 /* Adapter.xcconfig */;
			buildSettings = {
				ALWAYS_SEARCH_USER_PATHS = NO;
				CLANG_ANALYZER_NONNULL = YES;
				CLANG_CXX_LANGUAGE_STANDARD = "gnu++0x";
				CLANG_CXX_LIBRARY = "libc++";
				CLANG_WARN_BOOL_CONVERSION = YES;
				CLANG_WARN_CONSTANT_CONVERSION = YES;
				CLANG_WARN_DIRECT_OBJC_ISA_USAGE = YES_ERROR;
				CLANG_WARN_EMPTY_BODY = YES;
				CLANG_WARN_ENUM_CONVERSION = YES;
				CLANG_WARN_INFINITE_RECURSION = YES;
				CLANG_WARN_INT_CONVERSION = YES;
				CLANG_WARN_OBJC_ROOT_CLASS = YES_ERROR;
				CLANG_WARN_SUSPICIOUS_MOVE = YES;
				CLANG_WARN_UNREACHABLE_CODE = YES;
				CLANG_WARN__DUPLICATE_METHOD_MATCH = YES;
				"CODE_SIGN_IDENTITY[sdk=iphoneos*]" = "iPhone Developer";
				COPY_PHASE_STRIP = NO;
				DEBUG_INFORMATION_FORMAT = "dwarf-with-dsym";
				ENABLE_NS_ASSERTIONS = NO;
				ENABLE_STRICT_OBJC_MSGSEND = YES;
				GCC_C_LANGUAGE_STANDARD = gnu99;
				GCC_NO_COMMON_BLOCKS = YES;
				GCC_WARN_64_TO_32_BIT_CONVERSION = YES;
				GCC_WARN_ABOUT_RETURN_TYPE = YES_ERROR;
				GCC_WARN_UNDECLARED_SELECTOR = YES;
				GCC_WARN_UNINITIALIZED_AUTOS = YES_AGGRESSIVE;
				GCC_WARN_UNUSED_FUNCTION = YES;
				GCC_WARN_UNUSED_VARIABLE = YES;
				MTL_ENABLE_DEBUG_INFO = NO;
				VALIDATE_PRODUCT = YES;
			};
			name = Release;
		};
		7DFABB271DA8682C00322E02 /* Debug */ = {
			isa = XCBuildConfiguration;
			buildSettings = {
				IPHONEOS_DEPLOYMENT_TARGET = 8.0;
				MIN_OS_MAJOR_VERSION = 8;
				MIN_OS_MAJOR_VERSION_64_BIT = 8;
				SKIP_INSTALL = YES;
			};
			name = Debug;
		};
		7DFABB281DA8682C00322E02 /* Release */ = {
			isa = XCBuildConfiguration;
			buildSettings = {
				IPHONEOS_DEPLOYMENT_TARGET = 8.0;
				MIN_OS_MAJOR_VERSION = 8;
				MIN_OS_MAJOR_VERSION_64_BIT = 8;
				SKIP_INSTALL = YES;
			};
			name = Release;
		};
		7DFABB551DA86A1100322E02 /* Debug */ = {
			isa = XCBuildConfiguration;
			buildSettings = {
				IPHONEOS_DEPLOYMENT_TARGET = 7.0;
			};
			name = Debug;
		};
		7DFABB561DA86A1100322E02 /* Release */ = {
			isa = XCBuildConfiguration;
			buildSettings = {
				IPHONEOS_DEPLOYMENT_TARGET = 7.0;
			};
			name = Release;
		};
/* End XCBuildConfiguration section */

/* Begin XCConfigurationList section */
		7D1B6CA31DC2ACF900D8CABF /* Build configuration list for PBXAggregateTarget "Framework" */ = {
			isa = XCConfigurationList;
			buildConfigurations = (
				7D1B6CA41DC2ACF900D8CABF /* Debug */,
				7D1B6CA51DC2ACF900D8CABF /* Release */,
			);
			defaultConfigurationIsVisible = 0;
			defaultConfigurationName = Release;
		};
		7DFABB181DA8682C00322E02 /* Build configuration list for PBXProject "AppLovinAdapter" */ = {
			isa = XCConfigurationList;
			buildConfigurations = (
				7DFABB241DA8682C00322E02 /* Debug */,
				7DFABB251DA8682C00322E02 /* Release */,
			);
			defaultConfigurationIsVisible = 0;
			defaultConfigurationName = Release;
		};
		7DFABB261DA8682C00322E02 /* Build configuration list for PBXNativeTarget "Adapter" */ = {
			isa = XCConfigurationList;
			buildConfigurations = (
				7DFABB271DA8682C00322E02 /* Debug */,
				7DFABB281DA8682C00322E02 /* Release */,
			);
			defaultConfigurationIsVisible = 0;
			defaultConfigurationName = Release;
		};
		7DFABB541DA86A1100322E02 /* Build configuration list for PBXAggregateTarget "FatAdapter" */ = {
			isa = XCConfigurationList;
			buildConfigurations = (
				7DFABB551DA86A1100322E02 /* Debug */,
				7DFABB561DA86A1100322E02 /* Release */,
			);
			defaultConfigurationIsVisible = 0;
			defaultConfigurationName = Release;
		};
/* End XCConfigurationList section */
	};
	rootObject = 7DFABB151DA8682C00322E02 /* Project object */;
}
