// !$*UTF8*$!
{
	archiveVersion = 1;
	classes = {
	};
	objectVersion = 46;
	objects = {

/* Begin PBXAggregateTarget section */
		7D1B6CA21DC2ACF900D8CABF /* Framework */ = {
			isa = PBXAggregateTarget;
			buildConfigurationList = 7D1B6CA31DC2ACF900D8CABF /* Build configuration list for PBXAggregateTarget "Framework" */;
			buildPhases = (
				7D1B6CA61DC2AD7700D8CABF /* Framework Script */,
			);
			dependencies = (
			);
			name = Framework;
			productName = Framework;
		};
		7DFABB531DA86A1100322E02 /* FatAdapter */ = {
			isa = PBXAggregateTarget;
			buildConfigurationList = 7DFABB541DA86A1100322E02 /* Build configuration list for PBXAggregateTarget "FatAdapter" */;
			buildPhases = (
				7DFABB571DA86A4100322E02 /* Static Library Script */,
			);
			dependencies = (
			);
			name = FatAdapter;
			productName = FatAdapter;
		};
/* End PBXAggregateTarget section */

/* Begin PBXBuildFile section */
		45119B4321EFDA3000903F43 /* GADMediationAdapterMoPub.m in Sources */ = {isa = PBXBuildFile; fileRef = 45119B4121EFDA3000903F43 /* GADMediationAdapterMoPub.m */; };
		45119B4421EFDA3000903F43 /* GADMediationAdapterMoPub.h in Headers */ = {isa = PBXBuildFile; fileRef = 45119B4221EFDA3000903F43 /* GADMediationAdapterMoPub.h */; };
		45E635402230AD85006EB5A1 /* GADMAdapterMoPubSingleton.h in Headers */ = {isa = PBXBuildFile; fileRef = 45E6353E2230AD85006EB5A1 /* GADMAdapterMoPubSingleton.h */; };
		45E635412230AD85006EB5A1 /* GADMAdapterMoPubSingleton.m in Sources */ = {isa = PBXBuildFile; fileRef = 45E6353F2230AD85006EB5A1 /* GADMAdapterMoPubSingleton.m */; };
		45E635442230B5D1006EB5A1 /* GADMMoPubRewardedAd.h in Headers */ = {isa = PBXBuildFile; fileRef = 45E635422230B5D1006EB5A1 /* GADMMoPubRewardedAd.h */; };
		45E635452230B5D1006EB5A1 /* GADMMoPubRewardedAd.m in Sources */ = {isa = PBXBuildFile; fileRef = 45E635432230B5D1006EB5A1 /* GADMMoPubRewardedAd.m */; };
		7D5F6F7E1E7742BC00B9B9F5 /* GADMAdapterMoPub.h in Headers */ = {isa = PBXBuildFile; fileRef = 7D5F6F781E7742BC00B9B9F5 /* GADMAdapterMoPub.h */; };
		7D5F6F7F1E7742BC00B9B9F5 /* GADMAdapterMoPub.m in Sources */ = {isa = PBXBuildFile; fileRef = 7D5F6F791E7742BC00B9B9F5 /* GADMAdapterMoPub.m */; };
		7D5F6F801E7742BC00B9B9F5 /* GADMoPubNetworkExtras.m in Sources */ = {isa = PBXBuildFile; fileRef = 7D5F6F7A1E7742BC00B9B9F5 /* GADMoPubNetworkExtras.m */; };
		7D5F6F811E7742BC00B9B9F5 /* MoPubAdapterConstants.h in Headers */ = {isa = PBXBuildFile; fileRef = 7D5F6F7B1E7742BC00B9B9F5 /* MoPubAdapterConstants.h */; };
		7D5F6F821E7742BC00B9B9F5 /* MoPubAdapterMediatedNativeAd.h in Headers */ = {isa = PBXBuildFile; fileRef = 7D5F6F7C1E7742BC00B9B9F5 /* MoPubAdapterMediatedNativeAd.h */; };
		7D5F6F831E7742BC00B9B9F5 /* MoPubAdapterMediatedNativeAd.m in Sources */ = {isa = PBXBuildFile; fileRef = 7D5F6F7D1E7742BC00B9B9F5 /* MoPubAdapterMediatedNativeAd.m */; };
		7D5F6F891E7742EC00B9B9F5 /* GADMoPubNetworkExtras.h in Headers */ = {isa = PBXBuildFile; fileRef = 7D5F6F861E7742EC00B9B9F5 /* GADMoPubNetworkExtras.h */; settings = {ATTRIBUTES = (Public, ); }; };
		7D5F6F8A1E7742EC00B9B9F5 /* MoPubAdapter.h in Headers */ = {isa = PBXBuildFile; fileRef = 7D5F6F871E7742EC00B9B9F5 /* MoPubAdapter.h */; settings = {ATTRIBUTES = (Public, ); }; };
/* End PBXBuildFile section */

/* Begin PBXCopyFilesBuildPhase section */
		7DFABB1B1DA8682C00322E02 /* CopyFiles */ = {
			isa = PBXCopyFilesBuildPhase;
			buildActionMask = 12;
			dstPath = "include/$(PRODUCT_NAME)";
			dstSubfolderSpec = 16;
			files = (
			);
			runOnlyForDeploymentPostprocessing = 0;
		};
/* End PBXCopyFilesBuildPhase section */

/* Begin PBXFileReference section */
		45119B4121EFDA3000903F43 /* GADMediationAdapterMoPub.m */ = {isa = PBXFileReference; fileEncoding = 4; lastKnownFileType = sourcecode.c.objc; path = GADMediationAdapterMoPub.m; sourceTree = "<group>"; };
		45119B4221EFDA3000903F43 /* GADMediationAdapterMoPub.h */ = {isa = PBXFileReference; fileEncoding = 4; lastKnownFileType = sourcecode.c.h; path = GADMediationAdapterMoPub.h; sourceTree = "<group>"; };
		45E6353E2230AD85006EB5A1 /* GADMAdapterMoPubSingleton.h */ = {isa = PBXFileReference; lastKnownFileType = sourcecode.c.h; path = GADMAdapterMoPubSingleton.h; sourceTree = "<group>"; };
		45E6353F2230AD85006EB5A1 /* GADMAdapterMoPubSingleton.m */ = {isa = PBXFileReference; lastKnownFileType = sourcecode.c.objc; path = GADMAdapterMoPubSingleton.m; sourceTree = "<group>"; };
		45E635422230B5D1006EB5A1 /* GADMMoPubRewardedAd.h */ = {isa = PBXFileReference; lastKnownFileType = sourcecode.c.h; path = GADMMoPubRewardedAd.h; sourceTree = "<group>"; };
		45E635432230B5D1006EB5A1 /* GADMMoPubRewardedAd.m */ = {isa = PBXFileReference; lastKnownFileType = sourcecode.c.objc; path = GADMMoPubRewardedAd.m; sourceTree = "<group>"; };
		7D37C14F1DDCEFED00207DCB /* README.md */ = {isa = PBXFileReference; fileEncoding = 4; lastKnownFileType = net.daringfireball.markdown; path = README.md; sourceTree = "<group>"; };
		7D39D3DB1DE5090400D7A314 /* CHANGELOG.md */ = {isa = PBXFileReference; fileEncoding = 4; lastKnownFileType = net.daringfireball.markdown; path = CHANGELOG.md; sourceTree = "<group>"; };
		7D46CFDF1DB6B7CC0050F612 /* Adapter.xcconfig */ = {isa = PBXFileReference; lastKnownFileType = text.xcconfig; path = Adapter.xcconfig; sourceTree = "<group>"; };
		7D5F6F781E7742BC00B9B9F5 /* GADMAdapterMoPub.h */ = {isa = PBXFileReference; fileEncoding = 4; lastKnownFileType = sourcecode.c.h; path = GADMAdapterMoPub.h; sourceTree = "<group>"; };
		7D5F6F791E7742BC00B9B9F5 /* GADMAdapterMoPub.m */ = {isa = PBXFileReference; fileEncoding = 4; lastKnownFileType = sourcecode.c.objc; path = GADMAdapterMoPub.m; sourceTree = "<group>"; };
		7D5F6F7A1E7742BC00B9B9F5 /* GADMoPubNetworkExtras.m */ = {isa = PBXFileReference; fileEncoding = 4; lastKnownFileType = sourcecode.c.objc; path = GADMoPubNetworkExtras.m; sourceTree = "<group>"; };
		7D5F6F7B1E7742BC00B9B9F5 /* MoPubAdapterConstants.h */ = {isa = PBXFileReference; fileEncoding = 4; lastKnownFileType = sourcecode.c.h; path = MoPubAdapterConstants.h; sourceTree = "<group>"; };
		7D5F6F7C1E7742BC00B9B9F5 /* MoPubAdapterMediatedNativeAd.h */ = {isa = PBXFileReference; fileEncoding = 4; lastKnownFileType = sourcecode.c.h; path = MoPubAdapterMediatedNativeAd.h; sourceTree = "<group>"; };
		7D5F6F7D1E7742BC00B9B9F5 /* MoPubAdapterMediatedNativeAd.m */ = {isa = PBXFileReference; fileEncoding = 4; lastKnownFileType = sourcecode.c.objc; path = MoPubAdapterMediatedNativeAd.m; sourceTree = "<group>"; };
		7D5F6F861E7742EC00B9B9F5 /* GADMoPubNetworkExtras.h */ = {isa = PBXFileReference; fileEncoding = 4; lastKnownFileType = sourcecode.c.h; path = GADMoPubNetworkExtras.h; sourceTree = "<group>"; };
		7D5F6F871E7742EC00B9B9F5 /* MoPubAdapter.h */ = {isa = PBXFileReference; fileEncoding = 4; lastKnownFileType = sourcecode.c.h; path = MoPubAdapter.h; sourceTree = "<group>"; };
		7D5F6F881E7742EC00B9B9F5 /* module.modulemap */ = {isa = PBXFileReference; fileEncoding = 4; lastKnownFileType = "sourcecode.module-map"; path = module.modulemap; sourceTree = "<group>"; };
		7D6A68A31DB7ED230001E48B /* Debug.xcconfig */ = {isa = PBXFileReference; lastKnownFileType = text.xcconfig; path = Debug.xcconfig; sourceTree = "<group>"; };
		7D6A68A41DB7ED310001E48B /* Release.xcconfig */ = {isa = PBXFileReference; lastKnownFileType = text.xcconfig; path = Release.xcconfig; sourceTree = "<group>"; };
		7D9552B11DC006E5005DCE8D /* Script_Framework.sh */ = {isa = PBXFileReference; lastKnownFileType = text.script.sh; path = Script_Framework.sh; sourceTree = "<group>"; };
		7D9552B21DC006E5005DCE8D /* Script_Library.sh */ = {isa = PBXFileReference; lastKnownFileType = text.script.sh; path = Script_Library.sh; sourceTree = "<group>"; };
		7DE821BF1DB04B5000AA08CF /* README.md */ = {isa = PBXFileReference; fileEncoding = 4; lastKnownFileType = net.daringfireball.markdown; path = README.md; sourceTree = "<group>"; };
		7DFABB1D1DA8682C00322E02 /* libAdapter.a */ = {isa = PBXFileReference; explicitFileType = archive.ar; includeInIndex = 0; path = libAdapter.a; sourceTree = BUILT_PRODUCTS_DIR; };
/* End PBXFileReference section */

/* Begin PBXFrameworksBuildPhase section */
		7DFABB1A1DA8682C00322E02 /* Frameworks */ = {
			isa = PBXFrameworksBuildPhase;
			buildActionMask = 2147483647;
			files = (
			);
			runOnlyForDeploymentPostprocessing = 0;
		};
/* End PBXFrameworksBuildPhase section */

/* Begin PBXGroup section */
		7D46CFDE1DB6B76E0050F612 /* Configuration */ = {
			isa = PBXGroup;
			children = (
				7D46CFDF1DB6B7CC0050F612 /* Adapter.xcconfig */,
				7D6A68A31DB7ED230001E48B /* Debug.xcconfig */,
				7D6A68A41DB7ED310001E48B /* Release.xcconfig */,
			);
			path = Configuration;
			sourceTree = "<group>";
		};
		7D5F6F771E7742BC00B9B9F5 /* MoPubAdapter */ = {
			isa = PBXGroup;
			children = (
				45119B4221EFDA3000903F43 /* GADMediationAdapterMoPub.h */,
				45119B4121EFDA3000903F43 /* GADMediationAdapterMoPub.m */,
				7D5F6F781E7742BC00B9B9F5 /* GADMAdapterMoPub.h */,
				7D5F6F791E7742BC00B9B9F5 /* GADMAdapterMoPub.m */,
				7D5F6F7A1E7742BC00B9B9F5 /* GADMoPubNetworkExtras.m */,
				7D5F6F7B1E7742BC00B9B9F5 /* MoPubAdapterConstants.h */,
				7D5F6F7C1E7742BC00B9B9F5 /* MoPubAdapterMediatedNativeAd.h */,
				7D5F6F7D1E7742BC00B9B9F5 /* MoPubAdapterMediatedNativeAd.m */,
				45E6353E2230AD85006EB5A1 /* GADMAdapterMoPubSingleton.h */,
				45E6353F2230AD85006EB5A1 /* GADMAdapterMoPubSingleton.m */,
				45E635422230B5D1006EB5A1 /* GADMMoPubRewardedAd.h */,
				45E635432230B5D1006EB5A1 /* GADMMoPubRewardedAd.m */,
			);
			path = MoPubAdapter;
			sourceTree = "<group>";
		};
		7D5F6F841E7742EC00B9B9F5 /* Public */ = {
			isa = PBXGroup;
			children = (
				7D5F6F851E7742EC00B9B9F5 /* Headers */,
				7D5F6F881E7742EC00B9B9F5 /* module.modulemap */,
			);
			path = Public;
			sourceTree = "<group>";
		};
		7D5F6F851E7742EC00B9B9F5 /* Headers */ = {
			isa = PBXGroup;
			children = (
				7D5F6F861E7742EC00B9B9F5 /* GADMoPubNetworkExtras.h */,
				7D5F6F871E7742EC00B9B9F5 /* MoPubAdapter.h */,
			);
			path = Headers;
			sourceTree = "<group>";
		};
		7DE821BD1DB04B5000AA08CF /* BuildScript */ = {
			isa = PBXGroup;
			children = (
				7D37C14F1DDCEFED00207DCB /* README.md */,
				7D9552B21DC006E5005DCE8D /* Script_Library.sh */,
				7D9552B11DC006E5005DCE8D /* Script_Framework.sh */,
			);
			path = BuildScript;
			sourceTree = "<group>";
		};
		7DFABB141DA8682C00322E02 = {
			isa = PBXGroup;
			children = (
				7DE821BF1DB04B5000AA08CF /* README.md */,
				7D39D3DB1DE5090400D7A314 /* CHANGELOG.md */,
				7D5F6F771E7742BC00B9B9F5 /* MoPubAdapter */,
				7D5F6F841E7742EC00B9B9F5 /* Public */,
				7DE821BD1DB04B5000AA08CF /* BuildScript */,
				7D46CFDE1DB6B76E0050F612 /* Configuration */,
				7DFABB1E1DA8682C00322E02 /* Products */,
			);
			sourceTree = "<group>";
		};
		7DFABB1E1DA8682C00322E02 /* Products */ = {
			isa = PBXGroup;
			children = (
				7DFABB1D1DA8682C00322E02 /* libAdapter.a */,
			);
			name = Products;
			sourceTree = "<group>";
		};
/* End PBXGroup section */

/* Begin PBXHeadersBuildPhase section */
		7DFABB4C1DA8699700322E02 /* Headers */ = {
			isa = PBXHeadersBuildPhase;
			buildActionMask = 2147483647;
			files = (
				7D5F6F821E7742BC00B9B9F5 /* MoPubAdapterMediatedNativeAd.h in Headers */,
				7D5F6F8A1E7742EC00B9B9F5 /* MoPubAdapter.h in Headers */,
				45E635442230B5D1006EB5A1 /* GADMMoPubRewardedAd.h in Headers */,
				7D5F6F891E7742EC00B9B9F5 /* GADMoPubNetworkExtras.h in Headers */,
				45E635402230AD85006EB5A1 /* GADMAdapterMoPubSingleton.h in Headers */,
				7D5F6F7E1E7742BC00B9B9F5 /* GADMAdapterMoPub.h in Headers */,
				45119B4421EFDA3000903F43 /* GADMediationAdapterMoPub.h in Headers */,
				7D5F6F811E7742BC00B9B9F5 /* MoPubAdapterConstants.h in Headers */,
			);
			runOnlyForDeploymentPostprocessing = 0;
		};
/* End PBXHeadersBuildPhase section */

/* Begin PBXNativeTarget section */
		7DFABB1C1DA8682C00322E02 /* Adapter */ = {
			isa = PBXNativeTarget;
			buildConfigurationList = 7DFABB261DA8682C00322E02 /* Build configuration list for PBXNativeTarget "Adapter" */;
			buildPhases = (
				7DFABB191DA8682C00322E02 /* Sources */,
				7DFABB1A1DA8682C00322E02 /* Frameworks */,
				7DFABB1B1DA8682C00322E02 /* CopyFiles */,
				7DFABB4C1DA8699700322E02 /* Headers */,
			);
			buildRules = (
			);
			dependencies = (
			);
			name = Adapter;
			productName = Adapter;
			productReference = 7DFABB1D1DA8682C00322E02 /* libAdapter.a */;
			productType = "com.apple.product-type.library.static";
		};
/* End PBXNativeTarget section */

/* Begin PBXProject section */
		7DFABB151DA8682C00322E02 /* Project object */ = {
			isa = PBXProject;
			attributes = {
				LastUpgradeCheck = 0800;
				ORGANIZATIONNAME = Google;
				TargetAttributes = {
					7D1B6CA21DC2ACF900D8CABF = {
						CreatedOnToolsVersion = 7.3.1;
					};
					7DFABB1C1DA8682C00322E02 = {
						CreatedOnToolsVersion = 7.3.1;
					};
					7DFABB531DA86A1100322E02 = {
						CreatedOnToolsVersion = 7.3.1;
					};
				};
			};
			buildConfigurationList = 7DFABB181DA8682C00322E02 /* Build configuration list for PBXProject "MoPubAdapter" */;
			compatibilityVersion = "Xcode 3.2";
			developmentRegion = English;
			hasScannedForEncodings = 0;
			knownRegions = (
				en,
			);
			mainGroup = 7DFABB141DA8682C00322E02;
			productRefGroup = 7DFABB1E1DA8682C00322E02 /* Products */;
			projectDirPath = "";
			projectRoot = "";
			targets = (
				7DFABB1C1DA8682C00322E02 /* Adapter */,
				7DFABB531DA86A1100322E02 /* FatAdapter */,
				7D1B6CA21DC2ACF900D8CABF /* Framework */,
			);
		};
/* End PBXProject section */

/* Begin PBXShellScriptBuildPhase section */
		7D1B6CA61DC2AD7700D8CABF /* Framework Script */ = {
			isa = PBXShellScriptBuildPhase;
			buildActionMask = 2147483647;
			files = (
			);
			inputPaths = (
			);
			name = "Framework Script";
			outputPaths = (
			);
			runOnlyForDeploymentPostprocessing = 0;
			shellPath = /bin/sh;
			shellScript = "\"${SRCROOT}/BuildScript/Script_Framework.sh\"";
		};
		7DFABB571DA86A4100322E02 /* Static Library Script */ = {
			isa = PBXShellScriptBuildPhase;
			buildActionMask = 2147483647;
			files = (
			);
			inputPaths = (
			);
			name = "Static Library Script";
			outputPaths = (
			);
			runOnlyForDeploymentPostprocessing = 0;
			shellPath = /bin/sh;
			shellScript = "\"${SRCROOT}/BuildScript/Script_Library.sh\"";
		};
/* End PBXShellScriptBuildPhase section */

/* Begin PBXSourcesBuildPhase section */
		7DFABB191DA8682C00322E02 /* Sources */ = {
			isa = PBXSourcesBuildPhase;
			buildActionMask = 2147483647;
			files = (
				7D5F6F801E7742BC00B9B9F5 /* GADMoPubNetworkExtras.m in Sources */,
				45E635412230AD85006EB5A1 /* GADMAdapterMoPubSingleton.m in Sources */,
				7D5F6F7F1E7742BC00B9B9F5 /* GADMAdapterMoPub.m in Sources */,
				45E635452230B5D1006EB5A1 /* GADMMoPubRewardedAd.m in Sources */,
				7D5F6F831E7742BC00B9B9F5 /* MoPubAdapterMediatedNativeAd.m in Sources */,
				45119B4321EFDA3000903F43 /* GADMediationAdapterMoPub.m in Sources */,
			);
			runOnlyForDeploymentPostprocessing = 0;
		};
/* End PBXSourcesBuildPhase section */

/* Begin XCBuildConfiguration section */
		7D1B6CA41DC2ACF900D8CABF /* Debug */ = {
			isa = XCBuildConfiguration;
			buildSettings = {
			};
			name = Debug;
		};
		7D1B6CA51DC2ACF900D8CABF /* Release */ = {
			isa = XCBuildConfiguration;
			buildSettings = {
			};
			name = Release;
		};
		7DFABB241DA8682C00322E02 /* Debug */ = {
			isa = XCBuildConfiguration;
			baseConfigurationReference = 7D46CFDF1DB6B7CC0050F612 /* Adapter.xcconfig */;
			buildSettings = {
				ALWAYS_SEARCH_USER_PATHS = NO;
				CLANG_ANALYZER_NONNULL = YES;
				CLANG_CXX_LANGUAGE_STANDARD = "gnu++0x";
				CLANG_CXX_LIBRARY = "libc++";
				CLANG_WARN_BOOL_CONVERSION = YES;
				CLANG_WARN_CONSTANT_CONVERSION = YES;
				CLANG_WARN_DIRECT_OBJC_ISA_USAGE = YES_ERROR;
				CLANG_WARN_EMPTY_BODY = YES;
				CLANG_WARN_ENUM_CONVERSION = YES;
				CLANG_WARN_INFINITE_RECURSION = YES;
				CLANG_WARN_INT_CONVERSION = YES;
				CLANG_WARN_OBJC_ROOT_CLASS = YES_ERROR;
				CLANG_WARN_SUSPICIOUS_MOVE = YES;
				CLANG_WARN_UNREACHABLE_CODE = YES;
				CLANG_WARN__DUPLICATE_METHOD_MATCH = YES;
				"CODE_SIGN_IDENTITY[sdk=iphoneos*]" = "iPhone Developer";
				COPY_PHASE_STRIP = NO;
				DEBUG_INFORMATION_FORMAT = dwarf;
				ENABLE_STRICT_OBJC_MSGSEND = YES;
				ENABLE_TESTABILITY = YES;
				GCC_C_LANGUAGE_STANDARD = gnu99;
				GCC_DYNAMIC_NO_PIC = NO;
				GCC_NO_COMMON_BLOCKS = YES;
				GCC_OPTIMIZATION_LEVEL = 0;
				GCC_PREPROCESSOR_DEFINITIONS = (
					"DEBUG=1",
					"$(inherited)",
				);
				GCC_WARN_64_TO_32_BIT_CONVERSION = YES;
				GCC_WARN_ABOUT_RETURN_TYPE = YES_ERROR;
				GCC_WARN_UNDECLARED_SELECTOR = YES;
				GCC_WARN_UNINITIALIZED_AUTOS = YES_AGGRESSIVE;
				GCC_WARN_UNUSED_FUNCTION = YES;
				GCC_WARN_UNUSED_VARIABLE = YES;
				MTL_ENABLE_DEBUG_INFO = YES;
			};
			name = Debug;
		};
		7DFABB251DA8682C00322E02 /* Release */ = {
			isa = XCBuildConfiguration;
			baseConfigurationReference = 7D46CFDF1DB6B7CC0050F612 /* Adapter.xcconfig */;
			buildSettings = {
				ALWAYS_SEARCH_USER_PATHS = NO;
				CLANG_ANALYZER_NONNULL = YES;
				CLANG_CXX_LANGUAGE_STANDARD = "gnu++0x";
				CLANG_CXX_LIBRARY = "libc++";
				CLANG_WARN_BOOL_CONVERSION = YES;
				CLANG_WARN_CONSTANT_CONVERSION = YES;
				CLANG_WARN_DIRECT_OBJC_ISA_USAGE = YES_ERROR;
				CLANG_WARN_EMPTY_BODY = YES;
				CLANG_WARN_ENUM_CONVERSION = YES;
				CLANG_WARN_INFINITE_RECURSION = YES;
				CLANG_WARN_INT_CONVERSION = YES;
				CLANG_WARN_OBJC_ROOT_CLASS = YES_ERROR;
				CLANG_WARN_SUSPICIOUS_MOVE = YES;
				CLANG_WARN_UNREACHABLE_CODE = YES;
				CLANG_WARN__DUPLICATE_METHOD_MATCH = YES;
				"CODE_SIGN_IDENTITY[sdk=iphoneos*]" = "iPhone Developer";
				COPY_PHASE_STRIP = NO;
				DEBUG_INFORMATION_FORMAT = "dwarf-with-dsym";
				ENABLE_NS_ASSERTIONS = NO;
				ENABLE_STRICT_OBJC_MSGSEND = YES;
				GCC_C_LANGUAGE_STANDARD = gnu99;
				GCC_NO_COMMON_BLOCKS = YES;
				GCC_WARN_64_TO_32_BIT_CONVERSION = YES;
				GCC_WARN_ABOUT_RETURN_TYPE = YES_ERROR;
				GCC_WARN_UNDECLARED_SELECTOR = YES;
				GCC_WARN_UNINITIALIZED_AUTOS = YES_AGGRESSIVE;
				GCC_WARN_UNUSED_FUNCTION = YES;
				GCC_WARN_UNUSED_VARIABLE = YES;
				MTL_ENABLE_DEBUG_INFO = NO;
				VALIDATE_PRODUCT = YES;
			};
			name = Release;
		};
		7DFABB271DA8682C00322E02 /* Debug */ = {
			isa = XCBuildConfiguration;
			buildSettings = {
				SKIP_INSTALL = YES;
			};
			name = Debug;
		};
		7DFABB281DA8682C00322E02 /* Release */ = {
			isa = XCBuildConfiguration;
			buildSettings = {
				SKIP_INSTALL = YES;
			};
			name = Release;
		};
		7DFABB551DA86A1100322E02 /* Debug */ = {
			isa = XCBuildConfiguration;
			buildSettings = {
			};
			name = Debug;
		};
		7DFABB561DA86A1100322E02 /* Release */ = {
			isa = XCBuildConfiguration;
			buildSettings = {
			};
			name = Release;
		};
/* End XCBuildConfiguration section */

/* Begin XCConfigurationList section */
		7D1B6CA31DC2ACF900D8CABF /* Build configuration list for PBXAggregateTarget "Framework" */ = {
			isa = XCConfigurationList;
			buildConfigurations = (
				7D1B6CA41DC2ACF900D8CABF /* Debug */,
				7D1B6CA51DC2ACF900D8CABF /* Release */,
			);
			defaultConfigurationIsVisible = 0;
			defaultConfigurationName = Release;
		};
		7DFABB181DA8682C00322E02 /* Build configuration list for PBXProject "MoPubAdapter" */ = {
			isa = XCConfigurationList;
			buildConfigurations = (
				7DFABB241DA8682C00322E02 /* Debug */,
				7DFABB251DA8682C00322E02 /* Release */,
			);
			defaultConfigurationIsVisible = 0;
			defaultConfigurationName = Release;
		};
		7DFABB261DA8682C00322E02 /* Build configuration list for PBXNativeTarget "Adapter" */ = {
			isa = XCConfigurationList;
			buildConfigurations = (
				7DFABB271DA8682C00322E02 /* Debug */,
				7DFABB281DA8682C00322E02 /* Release */,
			);
			defaultConfigurationIsVisible = 0;
			defaultConfigurationName = Release;
		};
		7DFABB541DA86A1100322E02 /* Build configuration list for PBXAggregateTarget "FatAdapter" */ = {
			isa = XCConfigurationList;
			buildConfigurations = (
				7DFABB551DA86A1100322E02 /* Debug */,
				7DFABB561DA86A1100322E02 /* Release */,
			);
			defaultConfigurationIsVisible = 0;
			defaultConfigurationName = Release;
		};
/* End XCConfigurationList section */
	};
	rootObject = 7DFABB151DA8682C00322E02 /* Project object */;
}
